{
  "version": 4,
  "terraform_version": "1.7.2",
  "serial": 4,
  "lineage": "569d8937-3bca-1c78-0966-d54cd72edab6",
  "outputs": {},
  "resources": [
    {
      "mode": "data",
      "type": "zentral_mdm_push_certificate",
      "name": "zentral-cloud",
      "provider": "provider[\"registry.opentofu.org/zentralopensource/zentral\"]",
      "instances": [
        {
          "schema_version": 0,
          "attributes": {
            "certificate": "-----BEGIN CERTIFICATE-----\nMIIFdjCCBF6gAwIBAgIIcGc11fTKzkEwDQYJKoZIhvcNAQELBQAwgYwxQDA+BgNV\nBAMMN0FwcGxlIEFwcGxpY2F0aW9uIEludGVncmF0aW9uIDIgQ2VydGlmaWNhdGlv\nbiBBdXRob3JpdHkxJjAkBgNVBAsMHUFwcGxlIENlcnRpZmljYXRpb24gQXV0aG9y\naXR5MRMwEQYDVQQKDApBcHBsZSBJbmMuMQswCQYDVQQGEwJVUzAeFw0yNDA3MDcw\nOTAxNDRaFw0yNTA3MDcwOTAxNDNaMIGPMUwwSgYKCZImiZPyLGQBAQw8Y29tLmFw\ncGxlLm1nbXQuRXh0ZXJuYWwuZmE3YTE3YjEtOWRkYS00MGIwLWIyYzktMDVjMTJj\nOGZhYmQ3MTIwMAYDVQQDDClBUFNQOmZhN2ExN2IxLTlkZGEtNDBiMC1iMmM5LTA1\nYzEyYzhmYWJkNzELMAkGA1UEBhMCVVMwggEiMA0GCSqGSIb3DQEBAQUAA4IBDwAw\nggEKAoIBAQDWrfE21ydpNSUp+sDrIblyOOJ1yaZCaCHT6hJyiNzNs/iWDr2JBtmd\nOkspnbldzOQwkPbbRcM7n2pLdl7+ntAuE3FsqEJfbr/EqcpZ6GmfsHn6LcxEfrjV\noIf6gbOlwfUYlQI5vHQu/c01+657sjLr7sAp33mW8BXstWRT/ItPktjIWcoOEcQT\nnJkUWUNEJX1HKPXc3zFdlm+fXYNXtfVfsSHK7/c+tO1uN2zKimYufMncNYGhSZim\nWDn3q3YH4MJNxeOGW1lBk39cxH1bCjzvg7OrrTXg02n1dCUazreSZJ5o00KwKRgX\n1OCVh+xpJejYoJZBCu4o+SycA8zPfMwrAgMBAAGjggHVMIIB0TAJBgNVHRMEAjAA\nMB8GA1UdIwQYMBaAFPe+fCFgkds9G3vYOjKBad+ebH+bMIIBHAYDVR0gBIIBEzCC\nAQ8wggELBgkqhkiG92NkBQEwgf0wgcMGCCsGAQUFBwICMIG2DIGzUmVsaWFuY2Ug\nb24gdGhpcyBjZXJ0aWZpY2F0ZSBieSBhbnkgcGFydHkgYXNzdW1lcyBhY2NlcHRh\nbmNlIG9mIHRoZSB0aGVuIGFwcGxpY2FibGUgc3RhbmRhcmQgdGVybXMgYW5kIGNv\nbmRpdGlvbnMgb2YgdXNlLCBjZXJ0aWZpY2F0ZSBwb2xpY3kgYW5kIGNlcnRpZmlj\nYXRpb24gcHJhY3RpY2Ugc3RhdGVtZW50cy4wNQYIKwYBBQUHAgEWKWh0dHA6Ly93\nd3cuYXBwbGUuY29tL2NlcnRpZmljYXRlYXV0aG9yaXR5MBMGA1UdJQQMMAoGCCsG\nAQUFBwMCMDAGA1UdHwQpMCcwJaAjoCGGH2h0dHA6Ly9jcmwuYXBwbGUuY29tL2Fh\naTJjYS5jcmwwHQYDVR0OBBYEFDDae4glWDhSU9yE4tbwmqlihv2DMAsGA1UdDwQE\nAwIHgDAQBgoqhkiG92NkBgMCBAIFADANBgkqhkiG9w0BAQsFAAOCAQEAG7IXTG6c\nvsqpnrqzYjp6BRWF3xB6RGGgb37t9nDRPmwpFvScX2tCTbZVzenFtYVlyyzjzSt5\nW7gOYkEbznSqKGO7E2UhqVvL4ahSNcdRDrdicdsh/3Krdmp1sLSW/Zr5o4NWH4st\n+qH3TMUx2KTZjXshHIyvglZ36zUkwc6KuwC2gPnnAiavD8gGC43sze1BS+7IRuYi\n7GgGs0071fn0gsvuhQS/X13ZzRq+F661XEAOZIzXSxXyMym5d5JagsahesKuvMct\nVfBZqr1qrXgFuXSuly03bwGQvlwiLjGR0ywjbMRwhlwlzGLEzRpO9UPCibqGodR3\nlX6rERywuQ0dDQ==\n-----END CERTIFICATE-----\n",
            "id": 1,
            "name": "Zentral Cloud",
            "provisioning_uid": "Zentral Cloud",
            "topic": "com.apple.mgmt.External.fa7a17b1-9dda-40b0-b2c9-05c12c8fabd7"
          },
          "sensitive_attributes": []
        }
      ]
    },
    {
      "mode": "data",
      "type": "zentral_mdm_scep_config",
      "name": "zentral-mdm",
      "provider": "provider[\"registry.opentofu.org/zentralopensource/zentral\"]",
      "instances": [
        {
          "schema_version": 0,
          "attributes": {
            "allow_all_apps_access": false,
            "id": 1,
            "key_is_extractable": false,
            "key_size": 2048,
            "key_usage": 1,
            "name": "Zentral MDM",
            "provisioning_uid": "Zentral MDM",
            "url": "https://psumac24-kansas.zentral.cloud/public/igw/mdm/scep/"
          },
          "sensitive_attributes": []
        }
      ]
    },
    {
      "mode": "data",
      "type": "zentral_monolith_catalog",
      "name": "production",
      "provider": "provider[\"registry.opentofu.org/zentralopensource/zentral\"]",
      "instances": [
        {
          "schema_version": 0,
          "attributes": {
            "id": 1,
            "name": "production",
            "repository_id": 1
          },
          "sensitive_attributes": []
        }
      ]
    },
    {
      "mode": "managed",
      "type": "zentral_mdm_artifact",
      "name": "bootstrap-pkg",
      "provider": "provider[\"registry.opentofu.org/zentralopensource/zentral\"]",
      "instances": [
        {
          "schema_version": 0,
          "attributes": {
            "auto_update": false,
            "channel": "Device",
            "id": "29fba42b-a340-417f-953b-a80b1a1135ce",
            "install_during_setup_assistant": true,
            "name": "Monolith - Bootstrap package",
            "platforms": [
              "macOS"
            ],
            "reinstall_interval": 0,
            "reinstall_on_os_update": "No",
            "requires": [
              "be45974f-6ed6-4168-b5c1-5ce114d6d167"
            ],
            "type": "Enterprise App"
          },
          "sensitive_attributes": [],
          "dependencies": [
            "zentral_mdm_artifact.monolith-default-enrollment"
          ]
        }
      ]
    },
    {
      "mode": "managed",
      "type": "zentral_mdm_artifact",
      "name": "monolith-default-enrollment",
      "provider": "provider[\"registry.opentofu.org/zentralopensource/zentral\"]",
      "instances": [
        {
          "schema_version": 0,
          "attributes": {
            "auto_update": true,
            "channel": "Device",
            "id": "be45974f-6ed6-4168-b5c1-5ce114d6d167",
            "install_during_setup_assistant": false,
            "name": "Monolith - Default enrollment",
            "platforms": [
              "macOS"
            ],
            "reinstall_interval": 0,
            "reinstall_on_os_update": "No",
            "requires": [],
            "type": "Profile"
          },
          "sensitive_attributes": []
        }
      ]
    },
    {
      "mode": "managed",
      "type": "zentral_mdm_artifact",
      "name": "osquery-tcc",
      "provider": "provider[\"registry.opentofu.org/zentralopensource/zentral\"]",
      "instances": [
        {
          "schema_version": 0,
          "attributes": {
            "auto_update": true,
            "channel": "Device",
            "id": "0d0a312c-f712-4832-848e-d0e6ea76efb3",
            "install_during_setup_assistant": false,
            "name": "Osquery - TCC",
            "platforms": [
              "macOS"
            ],
            "reinstall_interval": 0,
            "reinstall_on_os_update": "No",
            "requires": [],
            "type": "Profile"
          },
          "sensitive_attributes": []
        }
      ]
    },
    {
      "mode": "managed",
      "type": "zentral_mdm_artifact",
      "name": "santa-default-configuration",
      "provider": "provider[\"registry.opentofu.org/zentralopensource/zentral\"]",
      "instances": [
        {
          "schema_version": 0,
          "attributes": {
            "auto_update": true,
            "channel": "Device",
            "id": "3c97b501-d1a8-479b-8e18-174c09358749",
            "install_during_setup_assistant": false,
            "name": "Santa - Default configuration",
            "platforms": [
              "macOS"
            ],
            "reinstall_interval": 0,
            "reinstall_on_os_update": "No",
            "requires": [],
            "type": "Profile"
          },
          "sensitive_attributes": []
        }
      ]
    },
    {
      "mode": "managed",
      "type": "zentral_mdm_artifact",
      "name": "santa-notificationsettings",
      "provider": "provider[\"registry.opentofu.org/zentralopensource/zentral\"]",
      "instances": [
        {
          "schema_version": 0,
          "attributes": {
            "auto_update": true,
            "channel": "Device",
            "id": "0978cea6-190b-4c90-856b-52f2afa12998",
            "install_during_setup_assistant": false,
            "name": "Santa - Notification settings",
            "platforms": [
              "macOS"
            ],
            "reinstall_interval": 0,
            "reinstall_on_os_update": "No",
            "requires": [],
            "type": "Profile"
          },
          "sensitive_attributes": []
        }
      ]
    },
    {
      "mode": "managed",
      "type": "zentral_mdm_artifact",
      "name": "santa-system-extension-policy",
      "provider": "provider[\"registry.opentofu.org/zentralopensource/zentral\"]",
      "instances": [
        {
          "schema_version": 0,
          "attributes": {
            "auto_update": true,
            "channel": "Device",
            "id": "8a1d7ad4-81f0-4b46-9b03-b8aed9e2866b",
            "install_during_setup_assistant": false,
            "name": "Santa - System Extension policy",
            "platforms": [
              "macOS"
            ],
            "reinstall_interval": 0,
            "reinstall_on_os_update": "No",
            "requires": [],
            "type": "Profile"
          },
          "sensitive_attributes": []
        }
      ]
    },
    {
      "mode": "managed",
      "type": "zentral_mdm_artifact",
      "name": "santa-tcc",
      "provider": "provider[\"registry.opentofu.org/zentralopensource/zentral\"]",
      "instances": [
        {
          "schema_version": 0,
          "attributes": {
            "auto_update": true,
            "channel": "Device",
            "id": "bf3c34ee-5cb6-428c-a8da-4f1b93b99a6a",
            "install_during_setup_assistant": false,
            "name": "Santa - TCC",
            "platforms": [
              "macOS"
            ],
            "reinstall_interval": 0,
            "reinstall_on_os_update": "No",
            "requires": [],
            "type": "Profile"
          },
          "sensitive_attributes": []
        }
      ]
    },
    {
      "mode": "managed",
      "type": "zentral_mdm_artifact",
      "name": "servicemanagement",
      "provider": "provider[\"registry.opentofu.org/zentralopensource/zentral\"]",
      "instances": [
        {
          "schema_version": 0,
          "attributes": {
            "auto_update": true,
            "channel": "Device",
            "id": "f329ae11-3ea0-4a67-9adb-f1376b13a65b",
            "install_during_setup_assistant": false,
            "name": "All - Managed Login Items settings",
            "platforms": [
              "macOS"
            ],
            "reinstall_interval": 0,
            "reinstall_on_os_update": "No",
            "requires": [],
            "type": "Profile"
          },
          "sensitive_attributes": []
        }
      ]
    },
    {
      "mode": "managed",
      "type": "zentral_mdm_artifact",
      "name": "system-logging",
      "provider": "provider[\"registry.opentofu.org/zentralopensource/zentral\"]",
      "instances": [
        {
          "schema_version": 0,
          "attributes": {
            "auto_update": true,
            "channel": "Device",
            "id": "320e9675-7342-4c38-898e-7eb46f0a5abb",
            "install_during_setup_assistant": false,
            "name": "system logging - enable private data",
            "platforms": [
              "macOS"
            ],
            "reinstall_interval": 0,
            "reinstall_on_os_update": "No",
            "requires": [],
            "type": "Profile"
          },
          "sensitive_attributes": []
        }
      ]
    },
    {
      "mode": "managed",
      "type": "zentral_mdm_blueprint",
      "name": "default",
      "provider": "provider[\"registry.opentofu.org/zentralopensource/zentral\"]",
      "instances": [
        {
          "schema_version": 0,
          "attributes": {
            "collect_apps": "ALL",
            "collect_certificates": "ALL",
            "collect_profiles": "ALL",
            "filevault_config_id": null,
            "id": 1,
            "inventory_interval": 86400,
            "name": "Default",
            "recovery_password_config_id": null,
            "software_update_enforcement_ids": []
          },
          "sensitive_attributes": []
        }
      ]
    },
    {
      "mode": "managed",
      "type": "zentral_mdm_blueprint_artifact",
      "name": "bootstrap-pkg",
      "provider": "provider[\"registry.opentofu.org/zentralopensource/zentral\"]",
      "instances": [
        {
          "schema_version": 0,
          "attributes": {
            "artifact_id": "29fba42b-a340-417f-953b-a80b1a1135ce",
            "blueprint_id": 1,
            "default_shard": 100,
            "excluded_tag_ids": [],
            "id": 7,
            "ios": false,
            "ios_max_version": "",
            "ios_min_version": "",
            "ipados": false,
            "ipados_max_version": "",
            "ipados_min_version": "",
            "macos": true,
            "macos_max_version": "",
            "macos_min_version": "",
            "shard_modulo": 100,
            "tag_shards": [],
            "tvos": false,
            "tvos_max_version": "",
            "tvos_min_version": ""
          },
          "sensitive_attributes": [],
          "dependencies": [
            "zentral_mdm_artifact.bootstrap-pkg",
            "zentral_mdm_artifact.monolith-default-enrollment",
            "zentral_mdm_blueprint.default"
          ]
        }
      ]
    },
    {
      "mode": "managed",
      "type": "zentral_mdm_blueprint_artifact",
      "name": "monolith-default-enrollment",
      "provider": "provider[\"registry.opentofu.org/zentralopensource/zentral\"]",
      "instances": [
        {
          "schema_version": 0,
          "attributes": {
            "artifact_id": "be45974f-6ed6-4168-b5c1-5ce114d6d167",
            "blueprint_id": 1,
            "default_shard": 100,
            "excluded_tag_ids": [],
            "id": 4,
            "ios": false,
            "ios_max_version": "",
            "ios_min_version": "",
            "ipados": false,
            "ipados_max_version": "",
            "ipados_min_version": "",
            "macos": true,
            "macos_max_version": "",
            "macos_min_version": "",
            "shard_modulo": 100,
            "tag_shards": [],
            "tvos": false,
            "tvos_max_version": "",
            "tvos_min_version": ""
          },
          "sensitive_attributes": [],
          "dependencies": [
            "zentral_mdm_artifact.monolith-default-enrollment",
            "zentral_mdm_blueprint.default"
          ]
        }
      ]
    },
    {
      "mode": "managed",
      "type": "zentral_mdm_blueprint_artifact",
      "name": "osquery-tcc",
      "provider": "provider[\"registry.opentofu.org/zentralopensource/zentral\"]",
      "instances": [
        {
          "schema_version": 0,
          "attributes": {
            "artifact_id": "0d0a312c-f712-4832-848e-d0e6ea76efb3",
            "blueprint_id": 1,
            "default_shard": 100,
            "excluded_tag_ids": [],
            "id": 8,
            "ios": false,
            "ios_max_version": "",
            "ios_min_version": "",
            "ipados": false,
            "ipados_max_version": "",
            "ipados_min_version": "",
            "macos": true,
            "macos_max_version": "",
            "macos_min_version": "",
            "shard_modulo": 100,
            "tag_shards": [],
            "tvos": false,
            "tvos_max_version": "",
            "tvos_min_version": ""
          },
          "sensitive_attributes": [],
          "dependencies": [
            "zentral_mdm_artifact.osquery-tcc",
            "zentral_mdm_blueprint.default"
          ]
        }
      ]
    },
    {
      "mode": "managed",
      "type": "zentral_mdm_blueprint_artifact",
      "name": "santa-default-configuration",
      "provider": "provider[\"registry.opentofu.org/zentralopensource/zentral\"]",
      "instances": [
        {
          "schema_version": 0,
          "attributes": {
            "artifact_id": "3c97b501-d1a8-479b-8e18-174c09358749",
            "blueprint_id": 1,
            "default_shard": 100,
            "excluded_tag_ids": [],
            "id": 3,
            "ios": false,
            "ios_max_version": "",
            "ios_min_version": "",
            "ipados": false,
            "ipados_max_version": "",
            "ipados_min_version": "",
            "macos": true,
            "macos_max_version": "",
            "macos_min_version": "",
            "shard_modulo": 100,
            "tag_shards": [],
            "tvos": false,
            "tvos_max_version": "",
            "tvos_min_version": ""
          },
          "sensitive_attributes": [],
          "dependencies": [
            "zentral_mdm_artifact.santa-default-configuration",
            "zentral_mdm_blueprint.default"
          ]
        }
      ]
    },
    {
      "mode": "managed",
      "type": "zentral_mdm_blueprint_artifact",
      "name": "santa-notificationsettings",
      "provider": "provider[\"registry.opentofu.org/zentralopensource/zentral\"]",
      "instances": [
        {
          "schema_version": 0,
          "attributes": {
            "artifact_id": "0978cea6-190b-4c90-856b-52f2afa12998",
            "blueprint_id": 1,
            "default_shard": 100,
            "excluded_tag_ids": [],
            "id": 9,
            "ios": false,
            "ios_max_version": "",
            "ios_min_version": "",
            "ipados": false,
            "ipados_max_version": "",
            "ipados_min_version": "",
            "macos": true,
            "macos_max_version": "",
            "macos_min_version": "",
            "shard_modulo": 100,
            "tag_shards": [],
            "tvos": false,
            "tvos_max_version": "",
            "tvos_min_version": ""
          },
          "sensitive_attributes": [],
          "dependencies": [
            "zentral_mdm_artifact.santa-notificationsettings",
            "zentral_mdm_blueprint.default"
          ]
        }
      ]
    },
    {
      "mode": "managed",
      "type": "zentral_mdm_blueprint_artifact",
      "name": "santa-system-extension-policy",
      "provider": "provider[\"registry.opentofu.org/zentralopensource/zentral\"]",
      "instances": [
        {
          "schema_version": 0,
          "attributes": {
            "artifact_id": "8a1d7ad4-81f0-4b46-9b03-b8aed9e2866b",
            "blueprint_id": 1,
            "default_shard": 100,
            "excluded_tag_ids": [],
            "id": 5,
            "ios": false,
            "ios_max_version": "",
            "ios_min_version": "",
            "ipados": false,
            "ipados_max_version": "",
            "ipados_min_version": "",
            "macos": true,
            "macos_max_version": "",
            "macos_min_version": "",
            "shard_modulo": 100,
            "tag_shards": [],
            "tvos": false,
            "tvos_max_version": "",
            "tvos_min_version": ""
          },
          "sensitive_attributes": [],
          "dependencies": [
            "zentral_mdm_artifact.santa-system-extension-policy",
            "zentral_mdm_blueprint.default"
          ]
        }
      ]
    },
    {
      "mode": "managed",
      "type": "zentral_mdm_blueprint_artifact",
      "name": "santa-tcc",
      "provider": "provider[\"registry.opentofu.org/zentralopensource/zentral\"]",
      "instances": [
        {
          "schema_version": 0,
          "attributes": {
            "artifact_id": "bf3c34ee-5cb6-428c-a8da-4f1b93b99a6a",
            "blueprint_id": 1,
            "default_shard": 100,
            "excluded_tag_ids": [],
            "id": 2,
            "ios": false,
            "ios_max_version": "",
            "ios_min_version": "",
            "ipados": false,
            "ipados_max_version": "",
            "ipados_min_version": "",
            "macos": true,
            "macos_max_version": "",
            "macos_min_version": "",
            "shard_modulo": 100,
            "tag_shards": [],
            "tvos": false,
            "tvos_max_version": "",
            "tvos_min_version": ""
          },
          "sensitive_attributes": [],
          "dependencies": [
            "zentral_mdm_artifact.santa-tcc",
            "zentral_mdm_blueprint.default"
          ]
        }
      ]
    },
    {
      "mode": "managed",
      "type": "zentral_mdm_blueprint_artifact",
      "name": "servicemanagement",
      "provider": "provider[\"registry.opentofu.org/zentralopensource/zentral\"]",
      "instances": [
        {
          "schema_version": 0,
          "attributes": {
            "artifact_id": "f329ae11-3ea0-4a67-9adb-f1376b13a65b",
            "blueprint_id": 1,
            "default_shard": 100,
            "excluded_tag_ids": [],
            "id": 1,
            "ios": false,
            "ios_max_version": "",
            "ios_min_version": "",
            "ipados": false,
            "ipados_max_version": "",
            "ipados_min_version": "",
            "macos": true,
            "macos_max_version": "",
            "macos_min_version": "",
            "shard_modulo": 100,
            "tag_shards": [],
            "tvos": false,
            "tvos_max_version": "",
            "tvos_min_version": ""
          },
          "sensitive_attributes": [],
          "dependencies": [
            "zentral_mdm_artifact.servicemanagement",
            "zentral_mdm_blueprint.default"
          ]
        }
      ]
    },
    {
      "mode": "managed",
      "type": "zentral_mdm_blueprint_artifact",
      "name": "system-logging",
      "provider": "provider[\"registry.opentofu.org/zentralopensource/zentral\"]",
      "instances": [
        {
          "schema_version": 0,
          "attributes": {
            "artifact_id": "320e9675-7342-4c38-898e-7eb46f0a5abb",
            "blueprint_id": 1,
            "default_shard": 100,
            "excluded_tag_ids": [],
            "id": 6,
            "ios": false,
            "ios_max_version": "",
            "ios_min_version": "",
            "ipados": false,
            "ipados_max_version": "",
            "ipados_min_version": "",
            "macos": true,
            "macos_max_version": "",
            "macos_min_version": "",
            "shard_modulo": 100,
            "tag_shards": [],
            "tvos": false,
            "tvos_max_version": "",
            "tvos_min_version": ""
          },
          "sensitive_attributes": [],
          "dependencies": [
            "zentral_mdm_artifact.system-logging",
            "zentral_mdm_blueprint.default"
          ]
        }
      ]
    },
    {
      "mode": "managed",
      "type": "zentral_mdm_enterprise_app",
      "name": "bootstrap-pkg-2024-001",
      "provider": "provider[\"registry.opentofu.org/zentralopensource/zentral\"]",
      "instances": [
        {
          "schema_version": 0,
          "attributes": {
            "artifact_id": "29fba42b-a340-417f-953b-a80b1a1135ce",
            "configuration": null,
            "default_shard": 100,
            "excluded_tag_ids": [],
            "id": "0b3fd784-45c3-49b0-9c85-14ebfa3d1da2",
            "install_as_managed": false,
            "ios": false,
            "ios_app": false,
            "ios_max_version": "",
            "ios_min_version": "",
            "ipados": false,
            "ipados_max_version": "",
            "ipados_min_version": "",
            "macos": true,
            "macos_max_version": "",
            "macos_min_version": "",
            "package_sha256": "18b128e6e900ed42624ea9f574f7af8f3df8c6c8d0263981d6fee639c95b73f4",
            "package_uri": "s3://zentral-pro-services-artifacts-eu-central-1/saas-public/bootstrap-2024.007.pkg",
            "remove_on_unenroll": false,
            "shard_modulo": 100,
            "tag_shards": [],
            "tvos": false,
            "tvos_max_version": "",
            "tvos_min_version": "",
            "version": 1
          },
          "sensitive_attributes": [],
          "dependencies": [
            "zentral_mdm_artifact.bootstrap-pkg",
            "zentral_mdm_artifact.monolith-default-enrollment"
          ]
        }
      ]
    },
    {
      "mode": "managed",
      "type": "zentral_mdm_ota_enrollment",
      "name": "default",
      "provider": "provider[\"registry.opentofu.org/zentralopensource/zentral\"]",
      "instances": [
        {
          "schema_version": 0,
          "attributes": {
            "blueprint_id": 1,
            "display_name": "Zentral MDM",
            "id": 1,
            "meta_business_unit_id": 1,
            "name": "Default",
            "push_certificate_id": 1,
            "quota": null,
            "realm_id": null,
            "scep_config_id": 1,
            "scep_verification": false,
            "secret": "ygz1bM6JnsXzymU2p4zXnSSnPv6EWhYIpGr3X6pvB6aDjr5vNlSNnDsP0hoJzhh5",
            "serial_numbers": [],
            "tag_ids": [],
            "udids": []
          },
          "sensitive_attributes": [],
          "dependencies": [
            "data.zentral_mdm_push_certificate.zentral-cloud",
            "data.zentral_mdm_scep_config.zentral-mdm",
            "zentral_mdm_blueprint.default",
            "zentral_meta_business_unit.default"
          ]
        }
      ]
    },
    {
      "mode": "managed",
      "type": "zentral_mdm_profile",
      "name": "monolith-default-enrollment-1",
      "provider": "provider[\"registry.opentofu.org/zentralopensource/zentral\"]",
      "instances": [
        {
          "schema_version": 0,
          "attributes": {
            "artifact_id": "be45974f-6ed6-4168-b5c1-5ce114d6d167",
            "default_shard": 100,
            "excluded_tag_ids": [],
            "id": "c28f9468-3196-49eb-a297-3c080cfbfa9a",
            "ios": false,
            "ios_max_version": "",
            "ios_min_version": "",
            "ipados": false,
            "ipados_max_version": "",
            "ipados_min_version": "",
            "macos": true,
            "macos_max_version": "",
            "macos_min_version": "",
            "shard_modulo": 100,
            "source": "PD94bWwgdmVyc2lvbj0iMS4wIiBlbmNvZGluZz0iVVRGLTgiPz4KPCFET0NUWVBFIHBsaXN0IFBVQkxJQyAiLS8vQXBwbGUvL0RURCBQTElTVCAxLjAvL0VOIiAiaHR0cDovL3d3dy5hcHBsZS5jb20vRFREcy9Qcm9wZXJ0eUxpc3QtMS4wLmR0ZCI+CjxwbGlzdCB2ZXJzaW9uPSIxLjAiPgo8ZGljdD4KCTxrZXk+UGF5bG9hZFR5cGU8L2tleT4KCTxzdHJpbmc+Q29uZmlndXJhdGlvbjwvc3RyaW5nPgoJPGtleT5QYXlsb2FkU2NvcGU8L2tleT4KCTxzdHJpbmc+U3lzdGVtPC9zdHJpbmc+Cgk8a2V5PlBheWxvYWRDb250ZW50PC9rZXk+Cgk8YXJyYXk+CgkJPGRpY3Q+CgkJCTxrZXk+UGF5bG9hZFR5cGU8L2tleT4KCQkJPHN0cmluZz5jb20uYXBwbGUuTWFuYWdlZENsaWVudC5wcmVmZXJlbmNlczwvc3RyaW5nPgoJCQk8a2V5PlBheWxvYWRDb250ZW50PC9rZXk+CgkJCTxkaWN0PgoJCQkJPGtleT5NYW5hZ2VkSW5zdGFsbHM8L2tleT4KCQkJCTxkaWN0PgoJCQkJCTxrZXk+Rm9yY2VkPC9rZXk+CgkJCQkJPGFycmF5PgoJCQkJCQk8ZGljdD4KCQkJCQkJCTxrZXk+bWN4X3ByZWZlcmVuY2Vfc2V0dGluZ3M8L2tleT4KCQkJCQkJCTxkaWN0PgoJCQkJCQkJCTxrZXk+QWRkaXRpb25hbEh0dHBIZWFkZXJzPC9rZXk+CgkJCQkJCQkJPGFycmF5PgogICAgICAgICAgICAgICAgICAgICAgICAgICAgICAgICAgICAgICAgICAgICAgICAgICAgICAgICAgICAgICAgICAgICAgICA8c3RyaW5nPkF1dGhvcml6YXRpb246IEJlYXJlciBLMHZWYXFGWVd2VllZSFNCSERCdUNWdkdOQXZ6SldJQnhsWTZuaDNFTUwxVzBncVBadjNvUm44T2dSVXZuU1pFPC9zdHJpbmc+CgkJCQkJCQkJCTxzdHJpbmc+WC1aZW50cmFsLVNlcmlhbC1OdW1iZXI6ICRFTlJPTExFRF9ERVZJQ0UuU0VSSUFMX05VTUJFUjwvc3RyaW5nPgoJCQkJCQkJCQk8c3RyaW5nPlgtWmVudHJhbC1VVUlEOiAkRU5ST0xMRURfREVWSUNFLlVESUQ8L3N0cmluZz4KCQkJCQkJCQk8L2FycmF5PgoJCQkJCQkJCTxrZXk+Q2xpZW50SWRlbnRpZmllcjwva2V5PgoJCQkJCQkJCTxzdHJpbmc+JEVOUk9MTEVEX0RFVklDRS5TRVJJQUxfTlVNQkVSPC9zdHJpbmc+CgkJCQkJCQkJPGtleT5Gb2xsb3dIVFRQUmVkaXJlY3RzPC9rZXk+CgkJCQkJCQkJPHN0cmluZz5hbGw8L3N0cmluZz4KCQkJCQkJCQk8a2V5PlNvZnR3YXJlUmVwb1VSTDwva2V5PgogICAgICAgICAgICAgICAgICAgICAgICAgICAgICAgICAgICAgICAgICAgICAgICAgICAgICAgICAgICAgICAgPHN0cmluZz5odHRwczovL3BzdW1hYzI0LWthbnNhcy56ZW50cmFsLmNsb3VkL3B1YmxpYy9tb25vbGl0aC9tdW5raV9yZXBvPC9zdHJpbmc+CgkJCQkJCQk8L2RpY3Q+CgkJCQkJCTwvZGljdD4KCQkJCQk8L2FycmF5PgoJCQkJPC9kaWN0PgoJCQk8L2RpY3Q+CgkJCTxrZXk+UGF5bG9hZERpc3BsYXlOYW1lPC9rZXk+CgkJCTxzdHJpbmc+TWFuYWdlZCBQcmVmZXJlbmNlczwvc3RyaW5nPgoJCQk8a2V5PlBheWxvYWRPcmdhbml6YXRpb248L2tleT4KCQkJPHN0cmluZz5aZW50cmFsIENsb3VkPC9zdHJpbmc+CgkJCTxrZXk+UGF5bG9hZElkZW50aWZpZXI8L2tleT4KCQkJPHN0cmluZz5jbG91ZC56ZW50cmFsLm1vbm9saXRoLmRlZmF1bHQtZW5yb2xsbWVudC4wPC9zdHJpbmc+CgkJCTxrZXk+UGF5bG9hZFVVSUQ8L2tleT4KCQkJPHN0cmluZz45Q0VFNzk1OC0yRDM5LTRCQkMtOTgzRS1CNzNEMDU2MjU5OTY8L3N0cmluZz4KCQkJPGtleT5QYXlsb2FkVmVyc2lvbjwva2V5PgoJCQk8aW50ZWdlcj4xPC9pbnRlZ2VyPgoJCTwvZGljdD4KCTwvYXJyYXk+Cgk8a2V5PlBheWxvYWREaXNwbGF5TmFtZTwva2V5PgogICAgICAgIDxzdHJpbmc+TW9ub2xpdGggZW5yb2xsbWVudDwvc3RyaW5nPgoJPGtleT5QYXlsb2FkRGVzY3JpcHRpb248L2tleT4KICAgICAgICA8c3RyaW5nPkNvbmZpZ3VyZXMgTXVua2kgb24geW91ciBNYWMgdG8gZW5yb2xsIHdpdGggWmVudHJhbC9Nb25vbGl0aDwvc3RyaW5nPgogICAgICAgIDxrZXk+UGF5bG9hZE9yZ2FuaXphdGlvbjwva2V5PgogICAgICAgIDxzdHJpbmc+WmVudHJhbCBDbG91ZDwvc3RyaW5nPgoJPGtleT5QYXlsb2FkSWRlbnRpZmllcjwva2V5PgoJPHN0cmluZz5jbG91ZC56ZW50cmFsLm1vbm9saXRoLmRlZmF1bHQtZW5yb2xsbWVudDwvc3RyaW5nPgoJPGtleT5QYXlsb2FkVVVJRDwva2V5PgoJPHN0cmluZz43RjEzQjQyRC0xMDZBLTRFMjctQjU3MC1BOEU4NkIyQjJEMzg8L3N0cmluZz4KCTxrZXk+UGF5bG9hZFJlbW92YWxEaXNhbGxvd2VkPC9rZXk+Cgk8dHJ1ZS8+Cgk8a2V5PlBheWxvYWRWZXJzaW9uPC9rZXk+Cgk8aW50ZWdlcj4xPC9pbnRlZ2VyPgo8L2RpY3Q+CjwvcGxpc3Q+Cg==",
            "tag_shards": [],
            "tvos": false,
            "tvos_max_version": "",
            "tvos_min_version": "",
            "version": 1
          },
          "sensitive_attributes": [],
          "dependencies": [
            "zentral_mdm_artifact.monolith-default-enrollment",
            "zentral_meta_business_unit.default",
            "zentral_monolith_enrollment.default",
            "zentral_monolith_manifest.default"
          ]
        }
      ]
    },
    {
      "mode": "managed",
      "type": "zentral_mdm_profile",
      "name": "osquery-tcc-1",
      "provider": "provider[\"registry.opentofu.org/zentralopensource/zentral\"]",
      "instances": [
        {
          "schema_version": 0,
          "attributes": {
            "artifact_id": "0d0a312c-f712-4832-848e-d0e6ea76efb3",
            "default_shard": 100,
            "excluded_tag_ids": [],
            "id": "9b2d8a78-66c8-44b2-85a1-f86ae372ca7d",
            "ios": false,
            "ios_max_version": "",
            "ios_min_version": "",
            "ipados": false,
            "ipados_max_version": "",
            "ipados_min_version": "",
            "macos": true,
            "macos_max_version": "",
            "macos_min_version": "",
            "shard_modulo": 100,
            "source": "PD94bWwgdmVyc2lvbj0iMS4wIiBlbmNvZGluZz0iVVRGLTgiPz4KPCFET0NUWVBFIHBsaXN0IFBVQkxJQyAiLS8vQXBwbGUvL0RURCBQTElTVCAxLjAvL0VOIiAiaHR0cDovL3d3dy5hcHBsZS5jb20vRFREcy9Qcm9wZXJ0eUxpc3QtMS4wLmR0ZCI+CjxwbGlzdCB2ZXJzaW9uPSIxLjAiPgo8ZGljdD4KCTxrZXk+UGF5bG9hZFR5cGU8L2tleT4KCTxzdHJpbmc+Q29uZmlndXJhdGlvbjwvc3RyaW5nPgoJPGtleT5QYXlsb2FkU2NvcGU8L2tleT4KCTxzdHJpbmc+U3lzdGVtPC9zdHJpbmc+Cgk8a2V5PlBheWxvYWRDb250ZW50PC9rZXk+Cgk8YXJyYXk+CgkJPGRpY3Q+CgkJCTxrZXk+UGF5bG9hZFR5cGU8L2tleT4KCQkJPHN0cmluZz5jb20uYXBwbGUuVENDLmNvbmZpZ3VyYXRpb24tcHJvZmlsZS1wb2xpY3k8L3N0cmluZz4KCQkJPGtleT5TZXJ2aWNlczwva2V5PgoJCQk8ZGljdD4KCQkJCTxrZXk+U3lzdGVtUG9saWN5QWxsRmlsZXM8L2tleT4KCQkJCTxhcnJheT4KCQkJCQk8ZGljdD4KCQkJCQkJPGtleT5BbGxvd2VkPC9rZXk+CgkJCQkJCTx0cnVlLz4KCQkJCQkJPGtleT5Db2RlUmVxdWlyZW1lbnQ8L2tleT4KICAgICAgICAgICAgICAgICAgICAgICAgICAgICAgICAgICAgICAgICAgICAgICAgPHN0cmluZz5pZGVudGlmaWVyICJpby5vc3F1ZXJ5LmFnZW50IiBhbmQgYW5jaG9yIGFwcGxlIGdlbmVyaWMgYW5kIGNlcnRpZmljYXRlIDFbZmllbGQuMS4yLjg0MC4xMTM2MzUuMTAwLjYuMi42XSAvKiBleGlzdHMgKi8gYW5kIGNlcnRpZmljYXRlIGxlYWZbZmllbGQuMS4yLjg0MC4xMTM2MzUuMTAwLjYuMS4xM10gLyogZXhpc3RzICovIGFuZCBjZXJ0aWZpY2F0ZSBsZWFmW3N1YmplY3QuT1VdID0gIjM1MjJGQTlQWEYiPC9zdHJpbmc+CgkJCQkJCTxrZXk+Q29tbWVudDwva2V5PgoJCQkJCQk8c3RyaW5nPjwvc3RyaW5nPgoJCQkJCQk8a2V5PklkZW50aWZpZXI8L2tleT4KCQkJCQkJPHN0cmluZz5pby5vc3F1ZXJ5LmFnZW50PC9zdHJpbmc+CgkJCQkJCTxrZXk+SWRlbnRpZmllclR5cGU8L2tleT4KCQkJCQkJPHN0cmluZz5idW5kbGVJRDwvc3RyaW5nPgoJCQkJCQk8a2V5PlN0YXRpY0NvZGU8L2tleT4KCQkJCQkJPGZhbHNlLz4KCQkJCQk8L2RpY3Q+CgkJCQk8L2FycmF5PgoJCQk8L2RpY3Q+CgkJCTxrZXk+UGF5bG9hZERpc3BsYXlOYW1lPC9rZXk+CgkJCTxzdHJpbmc+UHJpdmFjeSBQcmVmZXJlbmNlcyBQb2xpY3kgQ29udHJvbDwvc3RyaW5nPgoJCQk8a2V5PlBheWxvYWRPcmdhbml6YXRpb248L2tleT4KCQkJPHN0cmluZz5aZW50cmFsIENsb3VkPC9zdHJpbmc+CgkJCTxrZXk+UGF5bG9hZElkZW50aWZpZXI8L2tleT4KCQkJPHN0cmluZz5jbG91ZC56ZW50cmFsLm9zcXVlcnkuVENDLjA8L3N0cmluZz4KCQkJPGtleT5QYXlsb2FkVVVJRDwva2V5PgoJCQk8c3RyaW5nPkM5NDcyNDQyLTc4NkMtNEI3RC04ODk3LUU4NUI2NkJGOEU3ODwvc3RyaW5nPgoJCQk8a2V5PlBheWxvYWRWZXJzaW9uPC9rZXk+CgkJCTxpbnRlZ2VyPjE8L2ludGVnZXI+CgkJPC9kaWN0PgoJPC9hcnJheT4KCTxrZXk+UGF5bG9hZERpc3BsYXlOYW1lPC9rZXk+Cgk8c3RyaW5nPk9zcXVlcnkgVENDIHNldHRpbmdzPC9zdHJpbmc+Cgk8a2V5PlBheWxvYWREZXNjcmlwdGlvbjwva2V5PgoJPHN0cmluZz5Db25maWd1cmVzIHlvdXIgTWFjIHRvIGF1dG9tYXRpY2FsbHkgZ2l2ZSBPc3F1ZXJ5IGZ1bGwgZGlzayBhY2Nlc3M8L3N0cmluZz4KCTxrZXk+UGF5bG9hZE9yZ2FuaXphdGlvbjwva2V5PgoJPHN0cmluZz5aZW50cmFsIENsb3VkPC9zdHJpbmc+Cgk8a2V5PlBheWxvYWRJZGVudGlmaWVyPC9rZXk+Cgk8c3RyaW5nPmNsb3VkLnplbnRyYWwub3NxdWVyeS5UQ0M8L3N0cmluZz4KCTxrZXk+UGF5bG9hZFVVSUQ8L2tleT4KCTxzdHJpbmc+NjkwNTJCQ0UtQzE2MC00MURELUI2NDktMUZGNzZCRDRGRjNBPC9zdHJpbmc+CiAgICAgICAgPGtleT5QYXlsb2FkUmVtb3ZhbERpc2FsbG93ZWQ8L2tleT4KICAgICAgICA8dHJ1ZS8+Cgk8a2V5PlBheWxvYWRWZXJzaW9uPC9rZXk+Cgk8aW50ZWdlcj4xPC9pbnRlZ2VyPgo8L2RpY3Q+CjwvcGxpc3Q+Cg==",
            "tag_shards": [],
            "tvos": false,
            "tvos_max_version": "",
            "tvos_min_version": "",
            "version": 1
          },
          "sensitive_attributes": [],
          "dependencies": [
            "zentral_mdm_artifact.osquery-tcc"
          ]
        }
      ]
    },
    {
      "mode": "managed",
      "type": "zentral_mdm_profile",
      "name": "santa-default-configuration-1",
      "provider": "provider[\"registry.opentofu.org/zentralopensource/zentral\"]",
      "instances": [
        {
          "schema_version": 0,
          "attributes": {
            "artifact_id": "3c97b501-d1a8-479b-8e18-174c09358749",
            "default_shard": 100,
            "excluded_tag_ids": [],
            "id": "935d22a3-57b7-4d5e-a0b8-8a2543ac95e5",
            "ios": false,
            "ios_max_version": "",
            "ios_min_version": "",
            "ipados": false,
            "ipados_max_version": "",
            "ipados_min_version": "",
            "macos": true,
            "macos_max_version": "",
            "macos_min_version": "",
            "shard_modulo": 100,
            "source": "PD94bWwgdmVyc2lvbj0iMS4wIiBlbmNvZGluZz0iVVRGLTgiPz4KPCFET0NUWVBFIHBsaXN0IFBVQkxJQyAiLS8vQXBwbGUvL0RURCBQTElTVCAxLjAvL0VOIiAiaHR0cDovL3d3dy5hcHBsZS5jb20vRFREcy9Qcm9wZXJ0eUxpc3QtMS4wLmR0ZCI+CjxwbGlzdCB2ZXJzaW9uPSIxLjAiPgo8ZGljdD4KCTxrZXk+UGF5bG9hZFR5cGU8L2tleT4KCTxzdHJpbmc+Q29uZmlndXJhdGlvbjwvc3RyaW5nPgoJPGtleT5QYXlsb2FkU2NvcGU8L2tleT4KCTxzdHJpbmc+U3lzdGVtPC9zdHJpbmc+Cgk8a2V5PlBheWxvYWRDb250ZW50PC9rZXk+Cgk8YXJyYXk+CgkJPGRpY3Q+CgkJCTxrZXk+UGF5bG9hZFR5cGU8L2tleT4KCQkJPHN0cmluZz5jb20uYXBwbGUuTWFuYWdlZENsaWVudC5wcmVmZXJlbmNlczwvc3RyaW5nPgoJCQk8a2V5PlBheWxvYWRDb250ZW50PC9rZXk+CgkJCTxkaWN0PgoJCQkJPGtleT5jb20uZ29vZ2xlLnNhbnRhPC9rZXk+CgkJCQk8ZGljdD4KCQkJCQk8a2V5PkZvcmNlZDwva2V5PgoJCQkJCTxhcnJheT4KCQkJCQkJPGRpY3Q+CgkJCQkJCQk8a2V5Pm1jeF9wcmVmZXJlbmNlX3NldHRpbmdzPC9rZXk+CgkJCQkJCQk8ZGljdD4KCQkJCQkJCQk8a2V5PkNsaWVudE1vZGU8L2tleT4KCQkJCQkJCQk8aW50ZWdlcj4xPC9pbnRlZ2VyPgoJCQkJCQkJCTxrZXk+TWFjaGluZU93bmVyPC9rZXk+CgkJCQkJCQkJPHN0cmluZz4kUkVBTE1fVVNFUi5FTUFJTDwvc3RyaW5nPgoJCQkJCQkJCTxrZXk+U3luY0Jhc2VVUkw8L2tleT4KICAgICAgICAgICAgICAgICAgICAgICAgICAgICAgICAgICAgICAgICAgICAgICAgICAgICAgICAgICAgICAgIDxzdHJpbmc+aHR0cHM6Ly9wc3VtYWMyNC1rYW5zYXMuemVudHJhbC5jbG91ZC9wdWJsaWMvc2FudGEvc3luYy88L3N0cmluZz4KICAgICAgICAgICAgICAgICAgICAgICAgICAgICAgICAgICAgICAgICAgICAgICAgICAgICAgICAgICAgICAgIDxrZXk+U3luY0V4dHJhSGVhZGVyczwva2V5PgogICAgICAgICAgICAgICAgICAgICAgICAgICAgICAgICAgICAgICAgICAgICAgICAgICAgICAgICAgICAgICAgPGRpY3Q+CiAgICAgICAgICAgICAgICAgICAgICAgICAgICAgICAgICAgICAgICAgICAgICAgICAgICAgICAgICAgICAgICAgICAgPGtleT5aZW50cmFsLUF1dGhvcml6YXRpb248L2tleT4KICAgICAgICAgICAgICAgICAgICAgICAgICAgICAgICAgICAgICAgICAgICAgICAgICAgICAgICAgICAgICAgICAgICA8c3RyaW5nPkJlYXJlciBnTk5KcWlWcFJmbHhONWtjODJFd20xdW9iMmRJV0xlT0syVUpJZjFwUWRNNUJ6QlNXRlM5YVNFS2xhMThCTnlWPC9zdHJpbmc+CiAgICAgICAgICAgICAgICAgICAgICAgICAgICAgICAgICAgICAgICAgICAgICAgICAgICAgICAgICAgICAgICA8L2RpY3Q+CiAgICAgICAgICAgICAgICAgICAgICAgICAgICAgICAgICAgICAgICAgICAgICAgICAgICAgICAgICAgICAgICA8a2V5PkJhbm5lZEJsb2NrTWVzc2FnZTwva2V5PgogICAgICAgICAgICAgICAgICAgICAgICAgICAgICAgICAgICAgICAgICAgICAgICAgICAgICAgICAgICAgICAgPHN0cmluZz48IVtDREFUQVtUaGUgZm9sbG93aW5nIGFwcGxpY2F0aW9uIGhhcyBiZWVuIGJsb2NrZWQgZnJvbSBleGVjdXRpbmc8YnIvPmJlY2F1c2UgaXQgaGFzIGJlZW4gZGVlbWVkIG1hbGljaW91cyBieSB0aGUgWmVudHJhbCBDbG91ZCBhZG1pbmlzdHJhdG9ycy5dXT48L3N0cmluZz4KCQkJCQkJCTwvZGljdD4KCQkJCQkJPC9kaWN0PgoJCQkJCTwvYXJyYXk+CgkJCQk8L2RpY3Q+CgkJCTwvZGljdD4KCQkJPGtleT5QYXlsb2FkRGlzcGxheU5hbWU8L2tleT4KCQkJPHN0cmluZz5NYW5hZ2VkIFByZWZlcmVuY2VzPC9zdHJpbmc+CgkJCTxrZXk+UGF5bG9hZE9yZ2FuaXphdGlvbjwva2V5PgoJCQk8c3RyaW5nPlplbnRyYWwgQ2xvdWQ8L3N0cmluZz4KCQkJPGtleT5QYXlsb2FkSWRlbnRpZmllcjwva2V5PgoJCQk8c3RyaW5nPmNsb3VkLnplbnRyYWwuc2FudGEuZGVmYXVsdC1jb25maWd1cmF0aW9uLjA8L3N0cmluZz4KCQkJPGtleT5QYXlsb2FkVVVJRDwva2V5PgoJCQk8c3RyaW5nPjcwRTU1OUJDLTBERUYtNEQ4OC04MEQ2LTE3NTRGRkE3MkI1NDwvc3RyaW5nPgoJCQk8a2V5PlBheWxvYWRWZXJzaW9uPC9rZXk+CgkJCTxpbnRlZ2VyPjE8L2ludGVnZXI+CgkJPC9kaWN0PgoJPC9hcnJheT4KCTxrZXk+UGF5bG9hZERpc3BsYXlOYW1lPC9rZXk+Cgk8c3RyaW5nPlNhbnRhIGNvbmZpZ3VyYXRpb248L3N0cmluZz4KCTxrZXk+UGF5bG9hZERlc2NyaXB0aW9uPC9rZXk+Cgk8c3RyaW5nPkNvbmZpZ3VyZXMgU2FudGEgb24geW91ciBNYWMgdG8gZW5yb2xsIHdpdGggWmVudHJhbDwvc3RyaW5nPgoJPGtleT5QYXlsb2FkT3JnYW5pemF0aW9uPC9rZXk+Cgk8c3RyaW5nPlplbnRyYWwgQ2xvdWQ8L3N0cmluZz4KCTxrZXk+UGF5bG9hZElkZW50aWZpZXI8L2tleT4KCTxzdHJpbmc+Y2xvdWQuemVudHJhbC5zYW50YS5kZWZhdWx0LWNvbmZpZ3VyYXRpb248L3N0cmluZz4KCTxrZXk+UGF5bG9hZFVVSUQ8L2tleT4KCTxzdHJpbmc+NTU4REU4MUItODY3MC00RTBDLTk4RTgtQzU4Q0I4OEMyNzUxPC9zdHJpbmc+Cgk8a2V5PlBheWxvYWRSZW1vdmFsRGlzYWxsb3dlZDwva2V5PgoJPHRydWUvPgoJPGtleT5QYXlsb2FkVmVyc2lvbjwva2V5PgoJPGludGVnZXI+MTwvaW50ZWdlcj4KPC9kaWN0Pgo8L3BsaXN0Pgo=",
            "tag_shards": [],
            "tvos": false,
            "tvos_max_version": "",
            "tvos_min_version": "",
            "version": 1
          },
          "sensitive_attributes": [],
          "dependencies": [
            "zentral_mdm_artifact.santa-default-configuration",
            "zentral_meta_business_unit.default",
            "zentral_santa_configuration.default",
            "zentral_santa_enrollment.default"
          ]
        }
      ]
    },
    {
      "mode": "managed",
      "type": "zentral_mdm_profile",
      "name": "santa-notificationsettings-1",
      "provider": "provider[\"registry.opentofu.org/zentralopensource/zentral\"]",
      "instances": [
        {
          "schema_version": 0,
          "attributes": {
            "artifact_id": "0978cea6-190b-4c90-856b-52f2afa12998",
            "default_shard": 100,
            "excluded_tag_ids": [],
            "id": "80eb1008-0b5c-4808-a492-e0608991d817",
            "ios": false,
            "ios_max_version": "",
            "ios_min_version": "",
            "ipados": false,
            "ipados_max_version": "",
            "ipados_min_version": "",
            "macos": true,
            "macos_max_version": "",
            "macos_min_version": "",
            "shard_modulo": 100,
            "source": "PD94bWwgdmVyc2lvbj0iMS4wIiBlbmNvZGluZz0iVVRGLTgiPz4KPCFET0NUWVBFIHBsaXN0IFBVQkxJQyAiLS8vQXBwbGUvL0RURCBQTElTVCAxLjAvL0VOIiAiaHR0cDovL3d3dy5hcHBsZS5jb20vRFREcy9Qcm9wZXJ0eUxpc3QtMS4wLmR0ZCI+CjxwbGlzdCB2ZXJzaW9uPSIxLjAiPgo8ZGljdD4KCTxrZXk+UGF5bG9hZFR5cGU8L2tleT4KCTxzdHJpbmc+Q29uZmlndXJhdGlvbjwvc3RyaW5nPgoJPGtleT5QYXlsb2FkU2NvcGU8L2tleT4KCTxzdHJpbmc+U3lzdGVtPC9zdHJpbmc+Cgk8a2V5PlBheWxvYWRDb250ZW50PC9rZXk+Cgk8YXJyYXk+CgkJPGRpY3Q+CgkJCTxrZXk+UGF5bG9hZFR5cGU8L2tleT4KCQkJPHN0cmluZz5jb20uYXBwbGUubm90aWZpY2F0aW9uc2V0dGluZ3M8L3N0cmluZz4KCQkJPGtleT5Ob3RpZmljYXRpb25TZXR0aW5nczwva2V5PgoJCQk8YXJyYXk+CgkJCQk8ZGljdD4KCQkJCQk8a2V5PkFsZXJ0VHlwZTwva2V5PgoJCQkJCTxpbnRlZ2VyPjE8L2ludGVnZXI+CgkJCQkJPGtleT5CYWRnZXNFbmFibGVkPC9rZXk+CgkJCQkJPHRydWUvPgoJCQkJCTxrZXk+QnVuZGxlSWRlbnRpZmllcjwva2V5PgoJCQkJCTxzdHJpbmc+Y29tLmdvb2dsZS5zYW50YTwvc3RyaW5nPgoJCQkJCTxrZXk+Q3JpdGljYWxBbGVydEVuYWJsZWQ8L2tleT4KCQkJCQk8dHJ1ZS8+CgkJCQkJPGtleT5Ob3RpZmljYXRpb25zRW5hYmxlZDwva2V5PgoJCQkJCTx0cnVlLz4KCQkJCQk8a2V5PlNob3dJbkxvY2tTY3JlZW48L2tleT4KCQkJCQk8dHJ1ZS8+CgkJCQkJPGtleT5TaG93SW5Ob3RpZmljYXRpb25DZW50ZXI8L2tleT4KCQkJCQk8dHJ1ZS8+CgkJCQkJPGtleT5Tb3VuZHNFbmFibGVkPC9rZXk+CgkJCQkJPGZhbHNlLz4KCQkJCTwvZGljdD4KCQkJPC9hcnJheT4KCQkJPGtleT5QYXlsb2FkRGlzcGxheU5hbWU8L2tleT4KCQkJPHN0cmluZz5Ob3RpZmljYXRpb25zIHNldHRpbmdzPC9zdHJpbmc+CgkJCTxrZXk+UGF5bG9hZE9yZ2FuaXphdGlvbjwva2V5PgoJCQk8c3RyaW5nPlplbnRyYWwgQ2xvdWQ8L3N0cmluZz4KCQkJPGtleT5QYXlsb2FkSWRlbnRpZmllcjwva2V5PgoJCQk8c3RyaW5nPmNsb3VkLnplbnRyYWwuc2FudGEubm90aWZpY2F0aW9uc2V0dGluZ3MuMDwvc3RyaW5nPgoJCQk8a2V5PlBheWxvYWRVVUlEPC9rZXk+CgkJCTxzdHJpbmc+RkNCRTY4MUItNzQ1Ri00REJGLUE5MDctNkY1OEM4RjgyNjg3PC9zdHJpbmc+CgkJCTxrZXk+UGF5bG9hZFZlcnNpb248L2tleT4KCQkJPGludGVnZXI+MTwvaW50ZWdlcj4KCQk8L2RpY3Q+Cgk8L2FycmF5PgoJPGtleT5QYXlsb2FkRGlzcGxheU5hbWU8L2tleT4KCTxzdHJpbmc+U2FudGEgbm90aWZpY2F0aW9ucyBzZXR0aW5nczwvc3RyaW5nPgoJPGtleT5QYXlsb2FkRGVzY3JpcHRpb248L2tleT4KCTxzdHJpbmc+Q29uZmlndXJlcyB5b3VyIE1hYyB0byBhdXRvbWF0aWNhbGx5IGVuYWJsZSBTYW50YSdzIG5vdGlmaWNhdGlvbnM8L3N0cmluZz4KCTxrZXk+UGF5bG9hZE9yZ2FuaXphdGlvbjwva2V5PgoJPHN0cmluZz5aZW50cmFsIENsb3VkPC9zdHJpbmc+Cgk8a2V5PlBheWxvYWRJZGVudGlmaWVyPC9rZXk+Cgk8c3RyaW5nPmNsb3VkLnplbnRyYWwuc2FudGEubm90aWZpY2F0aW9uc2V0dGluZ3M8L3N0cmluZz4KCTxrZXk+UGF5bG9hZFVVSUQ8L2tleT4KCTxzdHJpbmc+NEE1MUJCMDEtNDVCMS00RDQ2LTgxRTgtMzU4MzlFMkUxOUI5PC9zdHJpbmc+Cgk8a2V5PlBheWxvYWRWZXJzaW9uPC9rZXk+Cgk8aW50ZWdlcj4xPC9pbnRlZ2VyPgoJPGtleT5QYXlsb2FkUmVtb3ZhbERpc2FsbG93ZWQ8L2tleT4KCTx0cnVlLz4KPC9kaWN0Pgo8L3BsaXN0Pgo=",
            "tag_shards": [],
            "tvos": false,
            "tvos_max_version": "",
            "tvos_min_version": "",
            "version": 1
          },
          "sensitive_attributes": [],
          "dependencies": [
            "zentral_mdm_artifact.santa-notificationsettings"
          ]
        }
      ]
    },
    {
      "mode": "managed",
      "type": "zentral_mdm_profile",
      "name": "santa-system-extension-policy-1",
      "provider": "provider[\"registry.opentofu.org/zentralopensource/zentral\"]",
      "instances": [
        {
          "schema_version": 0,
          "attributes": {
            "artifact_id": "8a1d7ad4-81f0-4b46-9b03-b8aed9e2866b",
            "default_shard": 100,
            "excluded_tag_ids": [],
            "id": "170d6117-6120-4497-b33e-e717f975ab64",
            "ios": false,
            "ios_max_version": "",
            "ios_min_version": "",
            "ipados": false,
            "ipados_max_version": "",
            "ipados_min_version": "",
            "macos": true,
            "macos_max_version": "",
            "macos_min_version": "",
            "shard_modulo": 100,
            "source": "PD94bWwgdmVyc2lvbj0iMS4wIiBlbmNvZGluZz0idXRmLTgiPz4KPCFET0NUWVBFIHBsaXN0IFBVQkxJQyAiLS8vQXBwbGUvL0RURCBQTElTVCAxLjAvL0VOIiAiaHR0cDovL3d3dy5hcHBsZS5jb20vRFREcy9Qcm9wZXJ0eUxpc3QtMS4wLmR0ZCI+CjxwbGlzdCB2ZXJzaW9uPSIxIj4KPGRpY3Q+Cgk8a2V5PlBheWxvYWRUeXBlPC9rZXk+Cgk8c3RyaW5nPkNvbmZpZ3VyYXRpb248L3N0cmluZz4KCTxrZXk+UGF5bG9hZFNjb3BlPC9rZXk+Cgk8c3RyaW5nPlN5c3RlbTwvc3RyaW5nPgoJPGtleT5QYXlsb2FkQ29udGVudDwva2V5PgoJPGFycmF5PgoJCTxkaWN0PgoJCQk8a2V5PlBheWxvYWRUeXBlPC9rZXk+CgkJCTxzdHJpbmc+Y29tLmFwcGxlLnN5c3RlbS1leHRlbnNpb24tcG9saWN5PC9zdHJpbmc+CgkJCTxrZXk+QWxsb3dVc2VyT3ZlcnJpZGVzPC9rZXk+CgkJCTx0cnVlLz4KCQkJPGtleT5BbGxvd2VkU3lzdGVtRXh0ZW5zaW9uczwva2V5PgoJCQk8ZGljdD4KCQkJCTxrZXk+RVFIWFo4TThBVjwva2V5PgoJCQkJPGFycmF5PgoJCQkJCTxzdHJpbmc+Y29tLmdvb2dsZS5zYW50YS5kYWVtb248L3N0cmluZz4KCQkJCTwvYXJyYXk+CgkJCTwvZGljdD4KCQkJPGtleT5BbGxvd2VkU3lzdGVtRXh0ZW5zaW9uVHlwZXM8L2tleT4KCQkJPGRpY3Q+CgkJCQk8a2V5PkVRSFhaOE04QVY8L2tleT4KCQkJCTxhcnJheT4KCQkJCQk8c3RyaW5nPkVuZHBvaW50U2VjdXJpdHlFeHRlbnNpb248L3N0cmluZz4KCQkJCTwvYXJyYXk+CgkJCTwvZGljdD4KCQkJPGtleT5QYXlsb2FkRGlzcGxheU5hbWU8L2tleT4KCQkJPHN0cmluZz5TeXN0ZW0gRXh0ZW5zaW9uczwvc3RyaW5nPgoJCQk8a2V5PlBheWxvYWRPcmdhbml6YXRpb248L2tleT4KCQkJPHN0cmluZz5aZW50cmFsIENsb3VkPC9zdHJpbmc+CgkJCTxrZXk+UGF5bG9hZElkZW50aWZpZXI8L2tleT4KCQkJPHN0cmluZz5jbG91ZC56ZW50cmFsLnNhbnRhLnN5c3RlbS1leHRlbnNpb24tcG9saWN5LjA8L3N0cmluZz4KCQkJPGtleT5QYXlsb2FkVVVJRDwva2V5PgoJCQk8c3RyaW5nPjVCQUEwRTcyLTVBMUItNDNFQi04ODRCLTM2QjlCQzNCNDc2Qzwvc3RyaW5nPgoJCQk8a2V5PlBheWxvYWRWZXJzaW9uPC9rZXk+CgkJCTxpbnRlZ2VyPjE8L2ludGVnZXI+CgkJPC9kaWN0PgoJPC9hcnJheT4KCTxrZXk+UGF5bG9hZERpc3BsYXlOYW1lPC9rZXk+Cgk8c3RyaW5nPlNhbnRhIHN5c2V4dCBzZXR0aW5nczwvc3RyaW5nPgoJPGtleT5QYXlsb2FkRGVzY3JpcHRpb248L2tleT4KCTxzdHJpbmc+Q29uZmlndXJlcyB5b3VyIE1hYyB0byBhdXRvbWF0aWNhbGx5IGVuYWJsZSBTYW50YSdzIEVuZHBvaW50U2VjdXJpdHlFeHRlbnNpb248L3N0cmluZz4KCTxrZXk+UGF5bG9hZE9yZ2FuaXphdGlvbjwva2V5PgoJPHN0cmluZz5aZW50cmFsIENsb3VkPC9zdHJpbmc+Cgk8a2V5PlBheWxvYWRJZGVudGlmaWVyPC9rZXk+Cgk8c3RyaW5nPmNsb3VkLnplbnRyYWwuc2FudGEuc3lzdGVtLWV4dGVuc2lvbi1wb2xpY3k8L3N0cmluZz4KCTxrZXk+UGF5bG9hZFVVSUQ8L2tleT4KCTxzdHJpbmc+NEZBM0RBOTktOUM2Mi00OUQzLUE1QjMtOTAwREREQjM4RDY2PC9zdHJpbmc+Cgk8a2V5PlBheWxvYWRWZXJzaW9uPC9rZXk+Cgk8aW50ZWdlcj4xPC9pbnRlZ2VyPgoJPGtleT5QYXlsb2FkUmVtb3ZhbERpc2FsbG93ZWQ8L2tleT4KCTx0cnVlLz4KPC9kaWN0Pgo8L3BsaXN0Pgo=",
            "tag_shards": [],
            "tvos": false,
            "tvos_max_version": "",
            "tvos_min_version": "",
            "version": 1
          },
          "sensitive_attributes": [],
          "dependencies": [
            "zentral_mdm_artifact.santa-system-extension-policy"
          ]
        }
      ]
    },
    {
      "mode": "managed",
      "type": "zentral_mdm_profile",
      "name": "santa-tcc-1",
      "provider": "provider[\"registry.opentofu.org/zentralopensource/zentral\"]",
      "instances": [
        {
          "schema_version": 0,
          "attributes": {
            "artifact_id": "bf3c34ee-5cb6-428c-a8da-4f1b93b99a6a",
            "default_shard": 100,
            "excluded_tag_ids": [],
            "id": "4c77b249-327f-46e8-a0ab-755b570df84e",
            "ios": false,
            "ios_max_version": "",
            "ios_min_version": "",
            "ipados": false,
            "ipados_max_version": "",
            "ipados_min_version": "",
            "macos": true,
            "macos_max_version": "",
            "macos_min_version": "",
            "shard_modulo": 100,
            "source": "PD94bWwgdmVyc2lvbj0iMS4wIiBlbmNvZGluZz0iVVRGLTgiPz4KPCFET0NUWVBFIHBsaXN0IFBVQkxJQyAiLS8vQXBwbGUvL0RURCBQTElTVCAxLjAvL0VOIiAiaHR0cDovL3d3dy5hcHBsZS5jb20vRFREcy9Qcm9wZXJ0eUxpc3QtMS4wLmR0ZCI+CjxwbGlzdCB2ZXJzaW9uPSIxLjAiPgo8ZGljdD4KCTxrZXk+UGF5bG9hZFR5cGU8L2tleT4KCTxzdHJpbmc+Q29uZmlndXJhdGlvbjwvc3RyaW5nPgoJPGtleT5QYXlsb2FkU2NvcGU8L2tleT4KCTxzdHJpbmc+U3lzdGVtPC9zdHJpbmc+Cgk8a2V5PlBheWxvYWRDb250ZW50PC9rZXk+Cgk8YXJyYXk+CgkJPGRpY3Q+CgkJCTxrZXk+UGF5bG9hZFR5cGU8L2tleT4KCQkJPHN0cmluZz5jb20uYXBwbGUuVENDLmNvbmZpZ3VyYXRpb24tcHJvZmlsZS1wb2xpY3k8L3N0cmluZz4KCQkJPGtleT5TZXJ2aWNlczwva2V5PgoJCQk8ZGljdD4KCQkJCTxrZXk+U3lzdGVtUG9saWN5QWxsRmlsZXM8L2tleT4KCQkJCTxhcnJheT4KCQkJCQk8ZGljdD4KCQkJCQkJPGtleT5BbGxvd2VkPC9rZXk+CgkJCQkJCTx0cnVlLz4KCQkJCQkJPGtleT5Db2RlUmVxdWlyZW1lbnQ8L2tleT4KCQkJCQkJPHN0cmluZz5pZGVudGlmaWVyICJjb20uZ29vZ2xlLnNhbnRhLmRhZW1vbiIgYW5kIGFuY2hvciBhcHBsZSBnZW5lcmljIGFuZCBjZXJ0aWZpY2F0ZSAxW2ZpZWxkLjEuMi44NDAuMTEzNjM1LjEwMC42LjIuNl0gLyogZXhpc3RzICovIGFuZCBjZXJ0aWZpY2F0ZSBsZWFmW2ZpZWxkLjEuMi44NDAuMTEzNjM1LjEwMC42LjEuMTNdIC8qIGV4aXN0cyAqLyBhbmQgY2VydGlmaWNhdGUgbGVhZltzdWJqZWN0Lk9VXSA9IEVRSFhaOE04QVY8L3N0cmluZz4KCQkJCQkJPGtleT5Db21tZW50PC9rZXk+CgkJCQkJCTxzdHJpbmc+PC9zdHJpbmc+CgkJCQkJCTxrZXk+SWRlbnRpZmllcjwva2V5PgoJCQkJCQk8c3RyaW5nPmNvbS5nb29nbGUuc2FudGEuZGFlbW9uPC9zdHJpbmc+CgkJCQkJCTxrZXk+SWRlbnRpZmllclR5cGU8L2tleT4KCQkJCQkJPHN0cmluZz5idW5kbGVJRDwvc3RyaW5nPgoJCQkJCQk8a2V5PlN0YXRpY0NvZGU8L2tleT4KCQkJCQkJPGZhbHNlLz4KCQkJCQk8L2RpY3Q+CgkJCQkJPGRpY3Q+CgkJCQkJCTxrZXk+QWxsb3dlZDwva2V5PgoJCQkJCQk8dHJ1ZS8+CgkJCQkJCTxrZXk+Q29kZVJlcXVpcmVtZW50PC9rZXk+CgkJCQkJCTxzdHJpbmc+aWRlbnRpZmllciAiY29tLmdvb2dsZS5zYW50YS5idW5kbGVzZXJ2aWNlIiBhbmQgYW5jaG9yIGFwcGxlIGdlbmVyaWMgYW5kIGNlcnRpZmljYXRlIDFbZmllbGQuMS4yLjg0MC4xMTM2MzUuMTAwLjYuMi42XSAvKiBleGlzdHMgKi8gYW5kIGNlcnRpZmljYXRlIGxlYWZbZmllbGQuMS4yLjg0MC4xMTM2MzUuMTAwLjYuMS4xM10gLyogZXhpc3RzICovIGFuZCBjZXJ0aWZpY2F0ZSBsZWFmW3N1YmplY3QuT1VdID0gRVFIWFo4TThBVjwvc3RyaW5nPgoJCQkJCQk8a2V5PkNvbW1lbnQ8L2tleT4KCQkJCQkJPHN0cmluZz48L3N0cmluZz4KCQkJCQkJPGtleT5JZGVudGlmaWVyPC9rZXk+CgkJCQkJCTxzdHJpbmc+Y29tLmdvb2dsZS5zYW50YS5idW5kbGVzZXJ2aWNlPC9zdHJpbmc+CgkJCQkJCTxrZXk+SWRlbnRpZmllclR5cGU8L2tleT4KCQkJCQkJPHN0cmluZz5idW5kbGVJRDwvc3RyaW5nPgoJCQkJCQk8a2V5PlN0YXRpY0NvZGU8L2tleT4KCQkJCQkJPGZhbHNlLz4KCQkJCQk8L2RpY3Q+CgkJCQkJPGRpY3Q+CgkJCQkJCTxrZXk+QWxsb3dlZDwva2V5PgoJCQkJCQk8dHJ1ZS8+CgkJCQkJCTxrZXk+Q29kZVJlcXVpcmVtZW50PC9rZXk+CgkJCQkJCTxzdHJpbmc+aWRlbnRpZmllciAiY29tLmdvb2dsZS5zYW50YSIgYW5kIGFuY2hvciBhcHBsZSBnZW5lcmljIGFuZCBjZXJ0aWZpY2F0ZSAxW2ZpZWxkLjEuMi44NDAuMTEzNjM1LjEwMC42LjIuNl0gLyogZXhpc3RzICovIGFuZCBjZXJ0aWZpY2F0ZSBsZWFmW2ZpZWxkLjEuMi44NDAuMTEzNjM1LjEwMC42LjEuMTNdIC8qIGV4aXN0cyAqLyBhbmQgY2VydGlmaWNhdGUgbGVhZltzdWJqZWN0Lk9VXSA9IEVRSFhaOE04QVY8L3N0cmluZz4KCQkJCQkJPGtleT5Db21tZW50PC9rZXk+CgkJCQkJCTxzdHJpbmc+PC9zdHJpbmc+CgkJCQkJCTxrZXk+SWRlbnRpZmllcjwva2V5PgoJCQkJCQk8c3RyaW5nPmNvbS5nb29nbGUuc2FudGE8L3N0cmluZz4KCQkJCQkJPGtleT5JZGVudGlmaWVyVHlwZTwva2V5PgoJCQkJCQk8c3RyaW5nPmJ1bmRsZUlEPC9zdHJpbmc+CgkJCQkJCTxrZXk+U3RhdGljQ29kZTwva2V5PgoJCQkJCQk8ZmFsc2UvPgoJCQkJCTwvZGljdD4KCQkJCTwvYXJyYXk+CgkJCTwvZGljdD4KCQkJPGtleT5QYXlsb2FkRGlzcGxheU5hbWU8L2tleT4KCQkJPHN0cmluZz5Qcml2YWN5IFByZWZlcmVuY2VzIFBvbGljeSBDb250cm9sPC9zdHJpbmc+CgkJCTxrZXk+UGF5bG9hZE9yZ2FuaXphdGlvbjwva2V5PgoJCQk8c3RyaW5nPlplbnRyYWwgQ2xvdWQ8L3N0cmluZz4KCQkJPGtleT5QYXlsb2FkSWRlbnRpZmllcjwva2V5PgoJCQk8c3RyaW5nPmNsb3VkLnplbnRyYWwuc2FudGEuVENDLjA8L3N0cmluZz4KCQkJPGtleT5QYXlsb2FkVVVJRDwva2V5PgoJCQk8c3RyaW5nPjVBOTk4MkE3LTFGQzUtNDBCOS04RTlCLTU4NzVFMDYzQUNBMDwvc3RyaW5nPgoJCQk8a2V5PlBheWxvYWRWZXJzaW9uPC9rZXk+CgkJCTxpbnRlZ2VyPjE8L2ludGVnZXI+CgkJPC9kaWN0PgoJPC9hcnJheT4KCTxrZXk+UGF5bG9hZERpc3BsYXlOYW1lPC9rZXk+Cgk8c3RyaW5nPlNhbnRhIFRDQyBzZXR0aW5nczwvc3RyaW5nPgoJPGtleT5QYXlsb2FkRGVzY3JpcHRpb248L2tleT4KCTxzdHJpbmc+Q29uZmlndXJlcyB5b3VyIE1hYyB0byBhdXRvbWF0aWNhbGx5IGdpdmUgU2FudGEgZnVsbCBkaXNrIGFjY2Vzczwvc3RyaW5nPgoJPGtleT5QYXlsb2FkT3JnYW5pemF0aW9uPC9rZXk+Cgk8c3RyaW5nPlplbnRyYWwgQ2xvdWQ8L3N0cmluZz4KCTxrZXk+UGF5bG9hZElkZW50aWZpZXI8L2tleT4KCTxzdHJpbmc+Y2xvdWQuemVudHJhbC5zYW50YS5UQ0M8L3N0cmluZz4KCTxrZXk+UGF5bG9hZFVVSUQ8L2tleT4KCTxzdHJpbmc+NEE0QUZEQzgtRTA2MS00NUJDLThBNzktQUJCNEYzRjVCODlBPC9zdHJpbmc+CiAgICAgICAgPGtleT5QYXlsb2FkUmVtb3ZhbERpc2FsbG93ZWQ8L2tleT4KICAgICAgICA8dHJ1ZS8+Cgk8a2V5PlBheWxvYWRWZXJzaW9uPC9rZXk+Cgk8aW50ZWdlcj4xPC9pbnRlZ2VyPgo8L2RpY3Q+CjwvcGxpc3Q+Cg==",
            "tag_shards": [],
            "tvos": false,
            "tvos_max_version": "",
            "tvos_min_version": "",
            "version": 1
          },
          "sensitive_attributes": [],
          "dependencies": [
            "zentral_mdm_artifact.santa-tcc"
          ]
        }
      ]
    },
    {
      "mode": "managed",
      "type": "zentral_mdm_profile",
      "name": "servicemanagement-1",
      "provider": "provider[\"registry.opentofu.org/zentralopensource/zentral\"]",
      "instances": [
        {
          "schema_version": 0,
          "attributes": {
            "artifact_id": "f329ae11-3ea0-4a67-9adb-f1376b13a65b",
            "default_shard": 100,
            "excluded_tag_ids": [],
            "id": "317a8621-e6c3-4d4f-b13e-080f696c0386",
            "ios": false,
            "ios_max_version": "",
            "ios_min_version": "",
            "ipados": false,
            "ipados_max_version": "",
            "ipados_min_version": "",
            "macos": true,
            "macos_max_version": "",
            "macos_min_version": "",
            "shard_modulo": 100,
            "source": "PD94bWwgdmVyc2lvbj0iMS4wIiBlbmNvZGluZz0iVVRGLTgiPz4KPCFET0NUWVBFIHBsaXN0IFBVQkxJQyAiLS8vQXBwbGUvL0RURCBQTElTVCAxLjAvL0VOIiAiaHR0cDovL3d3dy5hcHBsZS5jb20vCkRURHMvUHJvcGVydHlMaXN0LTEuMC5kdGQiPgo8cGxpc3QgdmVyc2lvbj0iMS4wIj4KPGRpY3Q+Cgk8a2V5PlBheWxvYWRUeXBlPC9rZXk+Cgk8c3RyaW5nPkNvbmZpZ3VyYXRpb248L3N0cmluZz4KCTxrZXk+UGF5bG9hZFNjb3BlPC9rZXk+Cgk8c3RyaW5nPlN5c3RlbTwvc3RyaW5nPgoJPGtleT5QYXlsb2FkQ29udGVudDwva2V5PgoJPGFycmF5PgoJCTxkaWN0PgoJCQk8a2V5PlBheWxvYWRUeXBlPC9rZXk+CgkJCTxzdHJpbmc+Y29tLmFwcGxlLnNlcnZpY2VtYW5hZ2VtZW50PC9zdHJpbmc+CgkJCTxrZXk+UnVsZXM8L2tleT4KCQkJPGFycmF5PgoJCQkJPGRpY3Q+CgkJCQkJPGtleT5Db21tZW50PC9rZXk+CgkJCQkJPHN0cmluZz5NdW5raTwvc3RyaW5nPgoJCQkJCTxrZXk+UnVsZVR5cGU8L2tleT4KCQkJCQk8c3RyaW5nPkxhYmVsUHJlZml4PC9zdHJpbmc+CgkJCQkJPGtleT5SdWxlVmFsdWU8L2tleT4KCQkJCQk8c3RyaW5nPmNvbS5nb29nbGVjb2RlLm11bmtpLjwvc3RyaW5nPgoJCQkJPC9kaWN0PgoJCQkJPGRpY3Q+CgkJCQkJPGtleT5Db21tZW50PC9rZXk+CgkJCQkJPHN0cmluZz5PdXRzZXQ8L3N0cmluZz4KCQkJCQk8a2V5PlJ1bGVUeXBlPC9rZXk+CgkJCQkJPHN0cmluZz5MYWJlbFByZWZpeDwvc3RyaW5nPgoJCQkJCTxrZXk+UnVsZVZhbHVlPC9rZXk+CgkJCQkJPHN0cmluZz5pby5tYWNhZG1pbnMub3V0c2V0Ljwvc3RyaW5nPgoJCQkJPC9kaWN0PgoJCQkJPGRpY3Q+CgkJCQkJPGtleT5Db21tZW50PC9rZXk+CgkJCQkJPHN0cmluZz5aZW50cmFsIGxhdW5jaCBkYWVtb25zPC9zdHJpbmc+CgkJCQkJPGtleT5SdWxlVHlwZTwva2V5PgoJCQkJCTxzdHJpbmc+TGFiZWxQcmVmaXg8L3N0cmluZz4KCQkJCQk8a2V5PlJ1bGVWYWx1ZTwva2V5PgoJCQkJCTxzdHJpbmc+Y2xvdWQuemVudHJhbC48L3N0cmluZz4KCQkJCTwvZGljdD4KCQkJCTxkaWN0PgoJCQkJCTxrZXk+Q29tbWVudDwva2V5PgoJCQkJCTxzdHJpbmc+WmVudHJhbCBsYXVuY2ggZGFlbW9ucyAtIGxlZ2FjeTwvc3RyaW5nPgoJCQkJCTxrZXk+UnVsZVR5cGU8L2tleT4KCQkJCQk8c3RyaW5nPkxhYmVsUHJlZml4PC9zdHJpbmc+CgkJCQkJPGtleT5SdWxlVmFsdWU8L2tleT4KCQkJCQk8c3RyaW5nPnByby56ZW50cmFsLjwvc3RyaW5nPgoJCQkJPC9kaWN0PgoJCQkJPGRpY3Q+CgkJCQkJPGtleT5Db21tZW50PC9rZXk+CgkJCQkJPHN0cmluZz5Hb29nbGUgSW5jLjwvc3RyaW5nPgoJCQkJCTxrZXk+UnVsZVR5cGU8L2tleT4KCQkJCQk8c3RyaW5nPlRlYW1JZGVudGlmaWVyPC9zdHJpbmc+CgkJCQkJPGtleT5SdWxlVmFsdWU8L2tleT4KCQkJCQk8c3RyaW5nPkVRSFhaOE04QVY8L3N0cmluZz4KCQkJCTwvZGljdD4KCQkJCTxkaWN0PgoJCQkJCTxrZXk+Q29tbWVudDwva2V5PgoJCQkJCTxzdHJpbmc+T3NxdWVyeTwvc3RyaW5nPgoJCQkJCTxrZXk+UnVsZVR5cGU8L2tleT4KCQkJCQk8c3RyaW5nPlRlYW1JZGVudGlmaWVyPC9zdHJpbmc+CgkJCQkJPGtleT5SdWxlVmFsdWU8L2tleT4KCQkJCQk8c3RyaW5nPjM1MjJGQTlQWEY8L3N0cmluZz4KCQkJCTwvZGljdD4KCQkJCTxkaWN0PgoJCQkJCTxrZXk+Q29tbWVudDwva2V5PgoJCQkJCTxzdHJpbmc+TWFjIEFkbWlucyBPcGVuIFNvdXJjZTwvc3RyaW5nPgoJCQkJCTxrZXk+UnVsZVR5cGU8L2tleT4KCQkJCQk8c3RyaW5nPlRlYW1JZGVudGlmaWVyPC9zdHJpbmc+CgkJCQkJPGtleT5SdWxlVmFsdWU8L2tleT4KCQkJCQk8c3RyaW5nPlQ0U0s4WlhDWEc8L3N0cmluZz4KCQkJCTwvZGljdD4KCQkJPC9hcnJheT4KCQkJPGtleT5QYXlsb2FkRGlzcGxheU5hbWU8L2tleT4KCQkJPHN0cmluZz5NYW5hZ2VkIExvZ2luIEl0ZW1zIHNldHRpbmdzPC9zdHJpbmc+CgkJCTxrZXk+UGF5bG9hZE9yZ2FuaXphdGlvbjwva2V5PgoJCQk8c3RyaW5nPlplbnRyYWwgQ2xvdWQ8L3N0cmluZz4KCQkJPGtleT5QYXlsb2FkSWRlbnRpZmllcjwva2V5PgoJCQk8c3RyaW5nPmNsb3VkLnplbnRyYWwuYWxsLnNlcnZpY2VtYW5hZ2VtZW50LjA8L3N0cmluZz4KCQkJPGtleT5QYXlsb2FkVVVJRDwva2V5PgoJCQk8c3RyaW5nPkQyOUI5RTBBLTIzRTMtNDlEOC1BQzRFLTBCMTY4QzkwMDFGMjwvc3RyaW5nPgoJCTwvZGljdD4KCTwvYXJyYXk+Cgk8a2V5PlBheWxvYWREaXNwbGF5TmFtZTwva2V5PgoJPHN0cmluZz5NYW5hZ2VkIExvZ2luIEl0ZW1zIHNldHRpbmdzPC9zdHJpbmc+Cgk8a2V5PlBheWxvYWREZXNjcmlwdGlvbjwva2V5PgoJPHN0cmluZz5Db25maWd1cmVzIHRoZSBhdXRvbWF0aWNhbGx5IGFwcHJvdmVkIGxvZ2luIGl0ZW1zIG9uIHlvdXIgTWFjPC9zdHJpbmc+Cgk8a2V5PlBheWxvYWRPcmdhbml6YXRpb248L2tleT4KCTxzdHJpbmc+WmVudHJhbCBDbG91ZDwvc3RyaW5nPgoJPGtleT5QYXlsb2FkSWRlbnRpZmllcjwva2V5PgoJPHN0cmluZz5jbG91ZC56ZW50cmFsLmFsbC5zZXJ2aWNlbWFuYWdlbWVudDwvc3RyaW5nPgoJPGtleT5QYXlsb2FkVVVJRDwva2V5PgoJPHN0cmluZz40NUU5MkIzQS05NzY4LTQ1QkUtODgyQy03OUQxQzM4NTY5QTU8L3N0cmluZz4KCTxrZXk+UGF5bG9hZFJlbW92YWxEaXNhbGxvd2VkPC9rZXk+Cgk8dHJ1ZS8+Cgk8a2V5PlBheWxvYWRWZXJzaW9uPC9rZXk+Cgk8aW50ZWdlcj4xPC9pbnRlZ2VyPgo8L2RpY3Q+CjwvcGxpc3Q+Cg==",
            "tag_shards": [],
            "tvos": false,
            "tvos_max_version": "",
            "tvos_min_version": "",
            "version": 2
          },
          "sensitive_attributes": [],
          "dependencies": [
            "zentral_mdm_artifact.servicemanagement"
          ]
        }
      ]
    },
    {
      "mode": "managed",
      "type": "zentral_mdm_profile",
      "name": "system-logging-1",
      "provider": "provider[\"registry.opentofu.org/zentralopensource/zentral\"]",
      "instances": [
        {
          "schema_version": 0,
          "attributes": {
            "artifact_id": "320e9675-7342-4c38-898e-7eb46f0a5abb",
            "default_shard": 100,
            "excluded_tag_ids": [],
            "id": "5c6196ae-9eb1-4aa1-a5ec-6c8f23a8737f",
            "ios": false,
            "ios_max_version": "",
            "ios_min_version": "",
            "ipados": false,
            "ipados_max_version": "",
            "ipados_min_version": "",
            "macos": true,
            "macos_max_version": "",
            "macos_min_version": "",
            "shard_modulo": 100,
            "source": "PD94bWwgdmVyc2lvbj0iMS4wIiBlbmNvZGluZz0iVVRGLTgiPz4KPCFET0NUWVBFIHBsaXN0IFBVQkxJQyAiLS8vQXBwbGUvL0RURCBQTElTVCAxLjAvL0VOIiAiaHR0cDovL3d3dy5hcHBsZS5jb20vRFREcy9Qcm9wZXJ0eUxpc3QtMS4wLmR0ZCI+CjxwbGlzdCB2ZXJzaW9uPSIxLjAiPgo8ZGljdD4KCTxrZXk+UGF5bG9hZENvbnRlbnQ8L2tleT4KCTxhcnJheT4KCQk8ZGljdD4KCQkJPGtleT5QYXlsb2FkRGlzcGxheU5hbWU8L2tleT4KCQkJPHN0cmluZz5TeXN0ZW0gbG9nZ2luZyBzZXR0aW5nczwvc3RyaW5nPgoJCQk8a2V5PlBheWxvYWRJZGVudGlmaWVyPC9rZXk+CgkJCTxzdHJpbmc+Y2xvdWQuemVudHJhbC5zeXN0ZW0ubG9nZ2luZy4wPC9zdHJpbmc+CgkJCTxrZXk+UGF5bG9hZE9yZ2FuaXphdGlvbjwva2V5PgoJCQk8c3RyaW5nPlplbnRyYWwgQ2xvdWQ8L3N0cmluZz4KCQkJPGtleT5QYXlsb2FkVHlwZTwva2V5PgoJCQk8c3RyaW5nPmNvbS5hcHBsZS5zeXN0ZW0ubG9nZ2luZzwvc3RyaW5nPgoJCQk8a2V5PlBheWxvYWRVVUlEPC9rZXk+CgkJCTxzdHJpbmc+MURBRTE0MjgtRTY3MS00OTNGLUFDOEQtRjQzQTcyOUNEMDQ2PC9zdHJpbmc+CgkJCTxrZXk+UGF5bG9hZFZlcnNpb248L2tleT4KCQkJPGludGVnZXI+MTwvaW50ZWdlcj4KCQkJPGtleT5TeXN0ZW08L2tleT4KCQkJPGRpY3Q+CgkJCQk8a2V5PkVuYWJsZS1Qcml2YXRlLURhdGE8L2tleT4KCQkJCTx0cnVlLz4KCQkJPC9kaWN0PgoJCTwvZGljdD4KCTwvYXJyYXk+Cgk8a2V5PlBheWxvYWREZXNjcmlwdGlvbjwva2V5PgoJPHN0cmluZz5FbmFibGVzIHByaXZhdGUgZGF0YSBpbiB0aGUgc3lzdGVtIGxvZ3M8L3N0cmluZz4KCTxrZXk+UGF5bG9hZERpc3BsYXlOYW1lPC9rZXk+Cgk8c3RyaW5nPlN5c3RlbSBsb2dnaW5nIHNldHRpbmdzPC9zdHJpbmc+Cgk8a2V5PlBheWxvYWRJZGVudGlmaWVyPC9rZXk+Cgk8c3RyaW5nPmNsb3VkLnplbnRyYWwuc3lzdGVtLmxvZ2dpbmc8L3N0cmluZz4KCTxrZXk+UGF5bG9hZE9yZ2FuaXphdGlvbjwva2V5PgoJPHN0cmluZz5aZW50cmFsIENsb3VkPC9zdHJpbmc+Cgk8a2V5PlBheWxvYWRSZW1vdmFsRGlzYWxsb3dlZDwva2V5PgoJPGZhbHNlLz4KCTxrZXk+UGF5bG9hZFNjb3BlPC9rZXk+Cgk8c3RyaW5nPlN5c3RlbTwvc3RyaW5nPgoJPGtleT5QYXlsb2FkVHlwZTwva2V5PgoJPHN0cmluZz5Db25maWd1cmF0aW9uPC9zdHJpbmc+Cgk8a2V5PlBheWxvYWRVVUlEPC9rZXk+Cgk8c3RyaW5nPjFBQUM3RjY2LTI3REMtNDVEOS1BQUVELTc2NDgwRDUxNDlDNjwvc3RyaW5nPgoJPGtleT5QYXlsb2FkVmVyc2lvbjwva2V5PgoJPGludGVnZXI+MTwvaW50ZWdlcj4KPC9kaWN0Pgo8L3BsaXN0Pgo=",
            "tag_shards": [],
            "tvos": false,
            "tvos_max_version": "",
            "tvos_min_version": "",
            "version": 1
          },
          "sensitive_attributes": [],
          "dependencies": [
            "zentral_mdm_artifact.system-logging"
          ]
        }
      ]
    },
    {
      "mode": "managed",
      "type": "zentral_meta_business_unit",
      "name": "default",
      "provider": "provider[\"registry.opentofu.org/zentralopensource/zentral\"]",
      "instances": [
        {
          "schema_version": 0,
          "attributes": {
            "api_enrollment_enabled": true,
            "id": 1,
            "name": "Default"
          },
          "sensitive_attributes": []
        }
      ]
    },
    {
      "mode": "managed",
      "type": "zentral_monolith_enrollment",
      "name": "default",
      "provider": "provider[\"registry.opentofu.org/zentralopensource/zentral\"]",
      "instances": [
        {
          "schema_version": 0,
          "attributes": {
            "configuration_profile_url": "https://psumac24-kansas.zentral.cloud/api/monolith/enrollments/1/configuration_profile/",
            "id": 1,
            "manifest_id": 1,
            "meta_business_unit_id": 1,
            "plist_url": "https://psumac24-kansas.zentral.cloud/api/monolith/enrollments/1/plist/",
            "quota": null,
            "secret": "K0vVaqFYWvVYYHSBHDBuCVvGNAvzJWIBxlY6nh3EML1W0gqPZv3oRn8OgRUvnSZE",
            "serial_numbers": [],
            "tag_ids": [],
            "udids": [],
            "version": 1
          },
          "sensitive_attributes": [],
          "dependencies": [
            "zentral_meta_business_unit.default",
            "zentral_monolith_manifest.default"
          ]
        }
      ]
    },
    {
      "mode": "managed",
      "type": "zentral_monolith_manifest",
      "name": "default",
      "provider": "provider[\"registry.opentofu.org/zentralopensource/zentral\"]",
      "instances": [
        {
          "schema_version": 0,
          "attributes": {
            "id": 1,
            "meta_business_unit_id": 1,
            "name": "Default",
            "version": 71
          },
          "sensitive_attributes": [],
          "dependencies": [
            "zentral_meta_business_unit.default"
          ]
        }
      ]
    },
    {
      "mode": "managed",
      "type": "zentral_monolith_manifest_catalog",
      "name": "default-production",
      "provider": "provider[\"registry.opentofu.org/zentralopensource/zentral\"]",
      "instances": [
        {
          "schema_version": 0,
          "attributes": {
            "catalog_id": 1,
            "id": 1,
            "manifest_id": 1,
            "tag_ids": []
          },
          "sensitive_attributes": [],
          "dependencies": [
            "data.zentral_monolith_catalog.production",
            "zentral_meta_business_unit.default",
            "zentral_monolith_manifest.default"
          ]
        }
      ]
    },
    {
      "mode": "managed",
      "type": "zentral_monolith_manifest_enrollment_package",
      "name": "munki",
      "provider": "provider[\"registry.opentofu.org/zentralopensource/zentral\"]",
      "instances": [
        {
          "schema_version": 0,
          "attributes": {
            "builder": "zentral.contrib.munki.osx_package.builder.MunkiZentralEnrollPkgBuilder",
            "enrollment_id": 1,
            "id": 1,
            "manifest_id": 1,
            "tag_ids": [],
            "version": 1
          },
          "sensitive_attributes": [],
          "dependencies": [
            "zentral_meta_business_unit.default",
            "zentral_monolith_manifest.default",
            "zentral_munki_configuration.default",
            "zentral_munki_enrollment.default"
          ]
        }
      ]
    },
    {
      "mode": "managed",
      "type": "zentral_monolith_manifest_enrollment_package",
      "name": "osquery",
      "provider": "provider[\"registry.opentofu.org/zentralopensource/zentral\"]",
      "instances": [
        {
          "schema_version": 0,
          "attributes": {
            "builder": "zentral.contrib.osquery.osx_package.builder.OsqueryZentralEnrollPkgBuilder",
            "enrollment_id": 1,
            "id": 2,
            "manifest_id": 1,
            "tag_ids": [],
            "version": 1
          },
          "sensitive_attributes": [],
          "dependencies": [
            "zentral_meta_business_unit.default",
            "zentral_monolith_manifest.default",
            "zentral_osquery_configuration.default",
            "zentral_osquery_enrollment.default"
          ]
        }
      ]
    },
    {
      "mode": "managed",
      "type": "zentral_monolith_manifest_sub_manifest",
      "name": "default-agents",
      "provider": "provider[\"registry.opentofu.org/zentralopensource/zentral\"]",
      "instances": [
        {
          "schema_version": 0,
          "attributes": {
            "id": 1,
            "manifest_id": 1,
            "sub_manifest_id": 1,
            "tag_ids": []
          },
          "sensitive_attributes": [],
          "dependencies": [
            "zentral_meta_business_unit.default",
            "zentral_monolith_manifest.default",
            "zentral_monolith_sub_manifest.agents"
          ]
        }
      ]
    },
    {
      "mode": "managed",
      "type": "zentral_monolith_sub_manifest",
      "name": "agents",
      "provider": "provider[\"registry.opentofu.org/zentralopensource/zentral\"]",
      "instances": [
        {
          "schema_version": 0,
          "attributes": {
            "description": "The required agents for our standard macOS client",
            "id": 1,
            "meta_business_unit_id": null,
            "name": "Required agents"
          },
          "sensitive_attributes": []
        }
      ]
    },
    {
      "mode": "managed",
      "type": "zentral_monolith_sub_manifest_pkg_info",
      "name": "munkitools",
      "provider": "provider[\"registry.opentofu.org/zentralopensource/zentral\"]",
      "instances": [
        {
          "schema_version": 0,
          "attributes": {
            "condition_id": null,
            "default_shard": 100,
            "excluded_tag_ids": [],
            "featured_item": false,
            "id": 2,
            "key": "managed_installs",
            "pkg_info_name": "munkitools",
            "shard_modulo": 100,
            "sub_manifest_id": 1,
            "tag_shards": []
          },
          "sensitive_attributes": [],
          "dependencies": [
            "zentral_monolith_sub_manifest.agents"
          ]
        }
      ]
    },
    {
      "mode": "managed",
      "type": "zentral_monolith_sub_manifest_pkg_info",
      "name": "munkitools-app-usage",
      "provider": "provider[\"registry.opentofu.org/zentralopensource/zentral\"]",
      "instances": [
        {
          "schema_version": 0,
          "attributes": {
            "condition_id": null,
            "default_shard": 100,
            "excluded_tag_ids": [],
            "featured_item": false,
            "id": 4,
            "key": "managed_installs",
            "pkg_info_name": "munkitools_app_usage",
            "shard_modulo": 100,
            "sub_manifest_id": 1,
            "tag_shards": []
          },
          "sensitive_attributes": [],
          "dependencies": [
            "zentral_monolith_sub_manifest.agents"
          ]
        }
      ]
    },
    {
      "mode": "managed",
      "type": "zentral_monolith_sub_manifest_pkg_info",
      "name": "osquery",
      "provider": "provider[\"registry.opentofu.org/zentralopensource/zentral\"]",
      "instances": [
        {
          "schema_version": 0,
          "attributes": {
            "condition_id": null,
            "default_shard": 100,
            "excluded_tag_ids": [],
            "featured_item": false,
            "id": 3,
            "key": "managed_installs",
            "pkg_info_name": "osquery",
            "shard_modulo": 100,
            "sub_manifest_id": 1,
            "tag_shards": []
          },
          "sensitive_attributes": [],
          "dependencies": [
            "zentral_monolith_sub_manifest.agents"
          ]
        }
      ]
    },
    {
      "mode": "managed",
      "type": "zentral_monolith_sub_manifest_pkg_info",
      "name": "santa",
      "provider": "provider[\"registry.opentofu.org/zentralopensource/zentral\"]",
      "instances": [
        {
          "schema_version": 0,
          "attributes": {
            "condition_id": null,
            "default_shard": 100,
            "excluded_tag_ids": [],
            "featured_item": false,
            "id": 1,
            "key": "managed_installs",
            "pkg_info_name": "santa",
            "shard_modulo": 100,
            "sub_manifest_id": 1,
            "tag_shards": []
          },
          "sensitive_attributes": [],
          "dependencies": [
            "zentral_monolith_sub_manifest.agents"
          ]
        }
      ]
    },
    {
      "mode": "managed",
      "type": "zentral_munki_configuration",
      "name": "default",
      "provider": "provider[\"registry.opentofu.org/zentralopensource/zentral\"]",
      "instances": [
        {
          "schema_version": 0,
          "attributes": {
            "auto_failed_install_incidents": false,
            "auto_reinstall_incidents": false,
            "collected_condition_keys": [],
            "description": "",
            "id": 1,
            "inventory_apps_full_info_shard": 100,
            "managed_installs_sync_interval_days": 7,
            "name": "Default",
            "principal_user_detection_domains": [],
            "principal_user_detection_sources": [],
            "script_checks_run_interval_seconds": 86400,
            "version": 0
          },
          "sensitive_attributes": []
        }
      ]
    },
    {
      "mode": "managed",
      "type": "zentral_munki_enrollment",
      "name": "default",
      "provider": "provider[\"registry.opentofu.org/zentralopensource/zentral\"]",
      "instances": [
        {
          "schema_version": 0,
          "attributes": {
            "configuration_id": 1,
            "id": 1,
            "meta_business_unit_id": 1,
            "package_url": "https://psumac24-kansas.zentral.cloud/api/munki/enrollments/1/package/",
            "quota": null,
            "secret": "pFTeWxLRzRPiPkSgR2bcl6rl1KdtfJ8O2NHkKDmDNwoBdrcaJIuyj2JoeSSgRAmP",
            "serial_numbers": [],
            "tag_ids": [],
            "udids": [],
            "version": 2
          },
          "sensitive_attributes": [],
          "dependencies": [
            "zentral_meta_business_unit.default",
            "zentral_munki_configuration.default"
          ]
        }
      ]
    },
    {
      "mode": "managed",
      "type": "zentral_osquery_configuration",
      "name": "default",
      "provider": "provider[\"registry.opentofu.org/zentralopensource/zentral\"]",
      "instances": [
        {
          "schema_version": 0,
          "attributes": {
            "atc_ids": [],
            "description": "",
            "file_category_ids": [],
            "id": 1,
            "inventory": true,
            "inventory_apps": true,
            "inventory_ec2": false,
            "inventory_interval": 14400,
            "name": "Default",
            "options": {}
          },
          "sensitive_attributes": []
        }
      ]
    },
    {
      "mode": "managed",
      "type": "zentral_osquery_enrollment",
      "name": "default",
      "provider": "provider[\"registry.opentofu.org/zentralopensource/zentral\"]",
      "instances": [
        {
          "schema_version": 0,
          "attributes": {
            "configuration_id": 1,
            "id": 1,
            "meta_business_unit_id": 1,
            "osquery_release": "",
            "package_url": "https://psumac24-kansas.zentral.cloud/api/osquery/enrollments/1/package/",
            "powershell_script_url": "https://psumac24-kansas.zentral.cloud/api/osquery/enrollments/1/powershell_script/",
            "quota": null,
            "script_url": "https://psumac24-kansas.zentral.cloud/api/osquery/enrollments/1/script/",
            "secret": "Z1ukEYMllmlrpsOBd5RKKWyiucP0iDsUTwfg71wKCKwqqKtSpB1ovaa2Ok50o3DX",
            "serial_numbers": [],
            "tag_ids": [],
            "udids": [],
            "version": 2
          },
          "sensitive_attributes": [],
          "dependencies": [
            "zentral_meta_business_unit.default",
            "zentral_osquery_configuration.default"
          ]
        }
      ]
    },
    {
      "mode": "managed",
      "type": "zentral_santa_configuration",
      "name": "default",
      "provider": "provider[\"registry.opentofu.org/zentralopensource/zentral\"]",
      "instances": [
        {
          "schema_version": 0,
          "attributes": {
            "allow_unknown_shard": 100,
            "allowed_path_regex": "",
            "batch_size": 50,
            "block_usb_mount": false,
            "blocked_path_regex": "",
            "client_certificate_auth": false,
            "client_mode": "MONITOR",
            "enable_all_event_upload_shard": 0,
            "enable_bundles": true,
            "enable_transitive_rules": false,
            "full_sync_interval": 600,
            "id": 1,
            "name": "Default",
            "remount_usb_mode": [],
            "sync_incident_severity": 0
          },
          "sensitive_attributes": []
        }
      ]
    },
    {
      "mode": "managed",
      "type": "zentral_santa_enrollment",
      "name": "default",
      "provider": "provider[\"registry.opentofu.org/zentralopensource/zentral\"]",
      "instances": [
        {
          "schema_version": 0,
          "attributes": {
            "configuration_id": 1,
            "configuration_profile_url": "https://psumac24-kansas.zentral.cloud/api/santa/enrollments/1/configuration_profile/",
            "id": 1,
            "meta_business_unit_id": 1,
            "plist_url": "https://psumac24-kansas.zentral.cloud/api/santa/enrollments/1/plist/",
            "quota": null,
            "secret": "gNNJqiVpRflxN5kc82Ewm1uob2dIWLeOK2UJIf1pQdM5BzBSWFS9aSEKla18BNyV",
            "serial_numbers": [],
            "tag_ids": [],
            "udids": [],
            "version": 2
          },
          "sensitive_attributes": [],
          "dependencies": [
            "zentral_meta_business_unit.default",
            "zentral_santa_configuration.default"
          ]
        }
      ]
    }
  ],
  "check_results": null
}
